// !$*UTF8*$!
{
	archiveVersion = 1;
	classes = {
	};
	objectVersion = 70;
	objects = {

/* Begin PBXBuildFile section */
		830279E22A9A5CE100E3487D /* NetworkMonitor.swift in Sources */ = {isa = PBXBuildFile; fileRef = 830279E12A9A5CE100E3487D /* NetworkMonitor.swift */; };
		8313DE862B61A20D0031C5E7 /* PressureTileView.swift in Sources */ = {isa = PBXBuildFile; fileRef = 8313DE852B61A20D0031C5E7 /* PressureTileView.swift */; };
		8313DE882B61B69C0031C5E7 /* TomorrowImmediateWeatherView.swift in Sources */ = {isa = PBXBuildFile; fileRef = 8313DE872B61B69C0031C5E7 /* TomorrowImmediateWeatherView.swift */; };
		8313DE8A2B62699A0031C5E7 /* PrecipitationTileView.swift in Sources */ = {isa = PBXBuildFile; fileRef = 8313DE892B62699A0031C5E7 /* PrecipitationTileView.swift */; };
		8313DE8C2B6289A10031C5E7 /* SavedLocationImageView.swift in Sources */ = {isa = PBXBuildFile; fileRef = 8313DE8B2B6289A10031C5E7 /* SavedLocationImageView.swift */; };
		8313DE8E2B62CCD10031C5E7 /* CurrentLocationView.swift in Sources */ = {isa = PBXBuildFile; fileRef = 8313DE8D2B62CCD10031C5E7 /* CurrentLocationView.swift */; };
		8313DE942B63DB890031C5E7 /* TabViews.swift in Sources */ = {isa = PBXBuildFile; fileRef = 8313DE932B63DB890031C5E7 /* TabViews.swift */; };
		831AA2802D493AB800FAF5B5 /* SearchingScreenView.swift in Sources */ = {isa = PBXBuildFile; fileRef = 831AA27F2D493AB800FAF5B5 /* SearchingScreenView.swift */; };
		831AA2822D49557900FAF5B5 /* LocationSearchViewModel.swift in Sources */ = {isa = PBXBuildFile; fileRef = 831AA2812D49557900FAF5B5 /* LocationSearchViewModel.swift */; };
		8325B39E2DEE091A00EBD840 /* ViewModels+Preview.swift in Sources */ = {isa = PBXBuildFile; fileRef = 8325B39D2DEE091A00EBD840 /* ViewModels+Preview.swift */; };
		8325B3A02DEF17D500EBD840 /* WeatherAlertModel+Placeholder.swift in Sources */ = {isa = PBXBuildFile; fileRef = 8325B39F2DEF17D500EBD840 /* WeatherAlertModel+Placeholder.swift */; };
		8325B3AA2DEF481800EBD840 /* NavigationBarModifier+ViewModifier.swift in Sources */ = {isa = PBXBuildFile; fileRef = 8325B3A92DEF481800EBD840 /* NavigationBarModifier+ViewModifier.swift */; };
		8336164D2B9D554A0045F639 /* SearchBar.swift in Sources */ = {isa = PBXBuildFile; fileRef = 8336164C2B9D554A0045F639 /* SearchBar.swift */; };
		8336164F2B9D9B220045F639 /* SettingsScreen.swift in Sources */ = {isa = PBXBuildFile; fileRef = 8336164E2B9D9B220045F639 /* SettingsScreen.swift */; };
		833D7CCB2CCFE77C00072715 /* BigCardViewModifier+ViewModifier.swift in Sources */ = {isa = PBXBuildFile; fileRef = 833D7CCA2CCFE77C00072715 /* BigCardViewModifier+ViewModifier.swift */; };
		8345EA422BA6F21600E8EFBD /* ImageProgressView.swift in Sources */ = {isa = PBXBuildFile; fileRef = 8345EA412BA6F21600E8EFBD /* ImageProgressView.swift */; };
		834811602A58EAFB008EB616 /* WebView.swift in Sources */ = {isa = PBXBuildFile; fileRef = 8348115F2A58EAFB008EB616 /* WebView.swift */; };
		834E1F782A98C51800DB4DE5 /* WeatherAlertTileView.swift in Sources */ = {isa = PBXBuildFile; fileRef = 834E1F772A98C51800DB4DE5 /* WeatherAlertTileView.swift */; };
		834E1F7A2A98D99000DB4DE5 /* WeatherAlertModel.swift in Sources */ = {isa = PBXBuildFile; fileRef = 834E1F792A98D99000DB4DE5 /* WeatherAlertModel.swift */; };
		8357C7922C40B76D003FCAF5 /* PlaceDetails.swift in Sources */ = {isa = PBXBuildFile; fileRef = 8357C7912C40B76D003FCAF5 /* PlaceDetails.swift */; };
		8359F4F32BB5E1B6005F8911 /* BackgroundTasksManager.swift in Sources */ = {isa = PBXBuildFile; fileRef = 8359F4F22BB5E1B6005F8911 /* BackgroundTasksManager.swift */; };
		8359F4FB2BB9E78F005F8911 /* SearchLocationModel.swift in Sources */ = {isa = PBXBuildFile; fileRef = 8359F4FA2BB9E78F005F8911 /* SearchLocationModel.swift */; };
		835EB2F02A5508D400346B21 /* SendMailView.swift in Sources */ = {isa = PBXBuildFile; fileRef = 835EB2EF2A5508D400346B21 /* SendMailView.swift */; };
		8362F0B22DF49C5D00F51805 /* Color+extension.swift in Sources */ = {isa = PBXBuildFile; fileRef = 8362F0B12DF49C5D00F51805 /* Color+extension.swift */; };
		83731A6A2A2FC2E400D481CA /* DailyWeatherCell.swift in Sources */ = {isa = PBXBuildFile; fileRef = 83731A692A2FC2E400D481CA /* DailyWeatherCell.swift */; };
		83731A6D2A2FD97F00D481CA /* CustomDivider.swift in Sources */ = {isa = PBXBuildFile; fileRef = 83731A6C2A2FD97F00D481CA /* CustomDivider.swift */; };
		83731A742A2FFC9A00D481CA /* SavedLocationCell.swift in Sources */ = {isa = PBXBuildFile; fileRef = 83731A732A2FFC9A00D481CA /* SavedLocationCell.swift */; };
		83731A762A2FFE4300D481CA /* SavedLocationsView.swift in Sources */ = {isa = PBXBuildFile; fileRef = 83731A752A2FFE4300D481CA /* SavedLocationsView.swift */; };
		83749C5E2BA2B74900480F5F /* Locations.xcdatamodeld in Sources */ = {isa = PBXBuildFile; fileRef = 83749C5C2BA2B74900480F5F /* Locations.xcdatamodeld */; };
		8378D8092D568F69004EE3CB /* Assets.xcassets in Resources */ = {isa = PBXBuildFile; fileRef = 8378D8072D568F69004EE3CB /* Assets.xcassets */; };
		837D7DA72B6B07C60031B296 /* HourlyForecastLineGraphView.swift in Sources */ = {isa = PBXBuildFile; fileRef = 837D7DA62B6B07C60031B296 /* HourlyForecastLineGraphView.swift */; };
		837D7DAB2B6D879F0031B296 /* CircularProgressView.swift in Sources */ = {isa = PBXBuildFile; fileRef = 837D7DAA2B6D879F0031B296 /* CircularProgressView.swift */; };
		837D7DAD2B7138160031B296 /* snow.sks in Resources */ = {isa = PBXBuildFile; fileRef = 837D7DAC2B7138160031B296 /* snow.sks */; };
		837D7DB02B7139150031B296 /* SnowScene.swift in Sources */ = {isa = PBXBuildFile; fileRef = 837D7DAF2B7139150031B296 /* SnowScene.swift */; };
		837D7DB32B713C910031B296 /* rain.sks in Resources */ = {isa = PBXBuildFile; fileRef = 837D7DB12B713C910031B296 /* rain.sks */; };
		837D7DB62B713D230031B296 /* RainScene.swift in Sources */ = {isa = PBXBuildFile; fileRef = 837D7DB52B713D230031B296 /* RainScene.swift */; };
		837D7DB82B7154270031B296 /* WeatherParticleEffectView.swift in Sources */ = {isa = PBXBuildFile; fileRef = 837D7DB72B7154270031B296 /* WeatherParticleEffectView.swift */; };
		837D7DBC2B72B0210031B296 /* Enums.swift in Sources */ = {isa = PBXBuildFile; fileRef = 837D7DBB2B72B0210031B296 /* Enums.swift */; };
		838461832A508E14000B8E86 /* AppStateViewModel.swift in Sources */ = {isa = PBXBuildFile; fileRef = 838461822A508E13000B8E86 /* AppStateViewModel.swift */; };
		838FAE0B2B5E4ECC00AAC0C1 /* HourlyForecastTileView.swift in Sources */ = {isa = PBXBuildFile; fileRef = 838FAE0A2B5E4ECC00AAC0C1 /* HourlyForecastTileView.swift */; };
		838FAE0D2B5E753D00AAC0C1 /* ImmediateWeatherDetails.swift in Sources */ = {isa = PBXBuildFile; fileRef = 838FAE0C2B5E753D00AAC0C1 /* ImmediateWeatherDetails.swift */; };
		8390BF962A9356CE00E0B865 /* TermsAndConditionsView.swift in Sources */ = {isa = PBXBuildFile; fileRef = 8390BF952A9356CE00E0B865 /* TermsAndConditionsView.swift */; };
		8390BF9F2A9656F800E0B865 /* Launch Screen.storyboard in Resources */ = {isa = PBXBuildFile; fileRef = 8390BF9E2A9656F800E0B865 /* Launch Screen.storyboard */; };
		839BE0AA2E43DA7D00E4B7D9 /* ImageCacheService.swift in Sources */ = {isa = PBXBuildFile; fileRef = 839BE0A92E43DA7D00E4B7D9 /* ImageCacheService.swift */; };
		839BE0AC2E43DAA200E4B7D9 /* CachedAsyncImageView.swift in Sources */ = {isa = PBXBuildFile; fileRef = 839BE0AB2E43DAA200E4B7D9 /* CachedAsyncImageView.swift */; };
		839F32EB2A39186C0048EF05 /* WindModel.swift in Sources */ = {isa = PBXBuildFile; fileRef = 839F32EA2A39186C0048EF05 /* WindModel.swift */; };
		839F32EE2A3919510048EF05 /* SunModel.swift in Sources */ = {isa = PBXBuildFile; fileRef = 839F32ED2A3919510048EF05 /* SunModel.swift */; };
		839F32F02A39198C0048EF05 /* HourlyWeatherModel.swift in Sources */ = {isa = PBXBuildFile; fileRef = 839F32EF2A39198C0048EF05 /* HourlyWeatherModel.swift */; };
		83AFCA282C5F84F200B0F373 /* DailyWeatherModel+Placeholder.swift in Sources */ = {isa = PBXBuildFile; fileRef = 83AFCA272C5F84F200B0F373 /* DailyWeatherModel+Placeholder.swift */; };
		83AFCA2A2C5FD06600B0F373 /* HourlyWeatherModel+Placeholder.swift in Sources */ = {isa = PBXBuildFile; fileRef = 83AFCA292C5FD06600B0F373 /* HourlyWeatherModel+Placeholder.swift */; };
		83AFCA2C2C5FD1B300B0F373 /* WindModel+Placeholder.swift in Sources */ = {isa = PBXBuildFile; fileRef = 83AFCA2B2C5FD1B300B0F373 /* WindModel+Placeholder.swift */; };
		83AFCA2E2C5FD29E00B0F373 /* SunModel+Placeholder.swift in Sources */ = {isa = PBXBuildFile; fileRef = 83AFCA2D2C5FD29E00B0F373 /* SunModel+Placeholder.swift */; };
		83B5ADC52A310FAB00C3C2F6 /* TodayWeatherModel.swift in Sources */ = {isa = PBXBuildFile; fileRef = 83B5ADC42A310FAB00C3C2F6 /* TodayWeatherModel.swift */; };
		83B760912A6710FF007075E2 /* FullScreenWebView.swift in Sources */ = {isa = PBXBuildFile; fileRef = 83B760902A6710FF007075E2 /* FullScreenWebView.swift */; };
		83B760932A67119C007075E2 /* LabelView.swift in Sources */ = {isa = PBXBuildFile; fileRef = 83B760922A67119C007075E2 /* LabelView.swift */; };
		83C4FFF12A34005F00DEF7F3 /* DailyWeatherModel.swift in Sources */ = {isa = PBXBuildFile; fileRef = 83C4FFF02A34005F00DEF7F3 /* DailyWeatherModel.swift */; };
		83C4FFF92A352E9B00DEF7F3 /* Constants.swift in Sources */ = {isa = PBXBuildFile; fileRef = 83C4FFF82A352E9B00DEF7F3 /* Constants.swift */; };
		83C8472B2DF7A8F60099F083 /* RainView.swift in Sources */ = {isa = PBXBuildFile; fileRef = 83C8472A2DF7A8F60099F083 /* RainView.swift */; };
		83C8472D2DF7A9010099F083 /* CloudView.swift in Sources */ = {isa = PBXBuildFile; fileRef = 83C8472C2DF7A9010099F083 /* CloudView.swift */; };
		83C8472F2DF7A9070099F083 /* SnowView.swift in Sources */ = {isa = PBXBuildFile; fileRef = 83C8472E2DF7A9070099F083 /* SnowView.swift */; };
		83C847312DF7A9C10099F083 /* LightningEffectViews.swift in Sources */ = {isa = PBXBuildFile; fileRef = 83C847302DF7A9C10099F083 /* LightningEffectViews.swift */; };
		83CC40D02CD290D900CF58D2 /* MoonModel.swift in Sources */ = {isa = PBXBuildFile; fileRef = 83CC40CF2CD290D900CF58D2 /* MoonModel.swift */; };
		83CC40D22CD2939F00CF58D2 /* MoonModel+Placeholder.swift in Sources */ = {isa = PBXBuildFile; fileRef = 83CC40D12CD2939F00CF58D2 /* MoonModel+Placeholder.swift */; };
		83CC40D42CD294BA00CF58D2 /* MoonTileView.swift in Sources */ = {isa = PBXBuildFile; fileRef = 83CC40D32CD294BA00CF58D2 /* MoonTileView.swift */; };
		83CC448E2C5E8425003BC3D9 /* TodayWeatherModel+placeholder.swift in Sources */ = {isa = PBXBuildFile; fileRef = 83CC448D2C5E8425003BC3D9 /* TodayWeatherModel+placeholder.swift */; };
		83DA72E62A41655400C50C86 /* SavedLocationsPersistenceViewModel.swift in Sources */ = {isa = PBXBuildFile; fileRef = 83DA72E52A41655400C50C86 /* SavedLocationsPersistenceViewModel.swift */; };
		83DA72E82A419C7C00C50C86 /* WeatherService.swift in Sources */ = {isa = PBXBuildFile; fileRef = 83DA72E72A419C7C00C50C86 /* WeatherService.swift */; };
		83DA72EA2A419F9400C50C86 /* WeatherViewModel.swift in Sources */ = {isa = PBXBuildFile; fileRef = 83DA72E92A419F9400C50C86 /* WeatherViewModel.swift */; };
		83E04FA42A22DF1B009720AB /* WeatherApp.swift in Sources */ = {isa = PBXBuildFile; fileRef = 83E04FA32A22DF1B009720AB /* WeatherApp.swift */; };
		83E04FA82A22DF1E009720AB /* Assets.xcassets in Resources */ = {isa = PBXBuildFile; fileRef = 83E04FA72A22DF1E009720AB /* Assets.xcassets */; };
		83E04FAB2A22DF1E009720AB /* Preview Assets.xcassets in Resources */ = {isa = PBXBuildFile; fileRef = 83E04FAA2A22DF1E009720AB /* Preview Assets.xcassets */; };
		83E04FB22A247295009720AB /* TodayScreen.swift in Sources */ = {isa = PBXBuildFile; fileRef = 83E04FB12A247295009720AB /* TodayScreen.swift */; };
		83E04FB42A2472A5009720AB /* TomorrowScreen.swift in Sources */ = {isa = PBXBuildFile; fileRef = 83E04FB32A2472A5009720AB /* TomorrowScreen.swift */; };
		83E04FB62A2472C3009720AB /* MultiDayScreen.swift in Sources */ = {isa = PBXBuildFile; fileRef = 83E04FB52A2472C3009720AB /* MultiDayScreen.swift */; };
		83E04FC02A2555DE009720AB /* WeatherTabSelectionsView.swift in Sources */ = {isa = PBXBuildFile; fileRef = 83E04FBF2A2555DE009720AB /* WeatherTabSelectionsView.swift */; };
		83E04FC22A255FBC009720AB /* MainScreen.swift in Sources */ = {isa = PBXBuildFile; fileRef = 83E04FC12A255FBC009720AB /* MainScreen.swift */; };
		83E04FCA2A25BE35009720AB /* WeatherGraphView.swift in Sources */ = {isa = PBXBuildFile; fileRef = 83E04FC92A25BE35009720AB /* WeatherGraphView.swift */; };
		83E04FD42A2B2892009720AB /* WindTileView.swift in Sources */ = {isa = PBXBuildFile; fileRef = 83E04FD32A2B2892009720AB /* WindTileView.swift */; };
		83E228522A42C52E00C4ED34 /* CoreLocationViewModel.swift in Sources */ = {isa = PBXBuildFile; fileRef = 83E228512A42C52E00C4ED34 /* CoreLocationViewModel.swift */; };
		83EB28312B9769C700CFC390 /* HumidityTileView.swift in Sources */ = {isa = PBXBuildFile; fileRef = 83EB28302B9769C700CFC390 /* HumidityTileView.swift */; };
		83EB28332B976A4700CFC390 /* UVIndexTileView.swift in Sources */ = {isa = PBXBuildFile; fileRef = 83EB28322B976A4700CFC390 /* UVIndexTileView.swift */; };
		83EB28352B976A5500CFC390 /* VisibilityTileView.swift in Sources */ = {isa = PBXBuildFile; fileRef = 83EB28342B976A5500CFC390 /* VisibilityTileView.swift */; };
		83EB28372B976A6000CFC390 /* SunDataTile.swift in Sources */ = {isa = PBXBuildFile; fileRef = 83EB28362B976A6000CFC390 /* SunDataTile.swift */; };
		83FD51F72B87B56B008F875B /* UIColor+extension.swift in Sources */ = {isa = PBXBuildFile; fileRef = 83FD51F62B87B56B008F875B /* UIColor+extension.swift */; };
		83FD51F92B87B5EF008F875B /* SettingsViewFrameViewModifier+ViewModifier.swift in Sources */ = {isa = PBXBuildFile; fileRef = 83FD51F82B87B5EF008F875B /* SettingsViewFrameViewModifier+ViewModifier.swift */; };
		83FD51FB2B87B66E008F875B /* SettingsListBackgroundViewModifier+ViewModifier.swift in Sources */ = {isa = PBXBuildFile; fileRef = 83FD51FA2B87B66D008F875B /* SettingsListBackgroundViewModifier+ViewModifier.swift */; };
		83FD51FD2B87B6C4008F875B /* HeaderViewModifier+ViewModifier.swift in Sources */ = {isa = PBXBuildFile; fileRef = 83FD51FC2B87B6C4008F875B /* HeaderViewModifier+ViewModifier.swift */; };
		83FD51FF2B87BA3E008F875B /* SubHeaderViewModifier+ViewModifier.swift in Sources */ = {isa = PBXBuildFile; fileRef = 83FD51FE2B87BA3E008F875B /* SubHeaderViewModifier+ViewModifier.swift */; };
		83FD52012B87BA71008F875B /* CustomNavBackButton+ViewModifier.swift in Sources */ = {isa = PBXBuildFile; fileRef = 83FD52002B87BA71008F875B /* CustomNavBackButton+ViewModifier.swift */; };
		83FD52032B87BAA3008F875B /* CardViewModifier+ViewModifier.swift in Sources */ = {isa = PBXBuildFile; fileRef = 83FD52022B87BAA3008F875B /* CardViewModifier+ViewModifier.swift */; };
		83FD52052B87BAD1008F875B /* View+extension.swift in Sources */ = {isa = PBXBuildFile; fileRef = 83FD52042B87BAD1008F875B /* View+extension.swift */; };
		83FD52072B87E464008F875B /* Helper.swift in Sources */ = {isa = PBXBuildFile; fileRef = 83FD52062B87E464008F875B /* Helper.swift */; };
/* End PBXBuildFile section */

/* Begin PBXContainerItemProxy section */
		83A7E5FF2DE5C09E00A6C622 /* PBXContainerItemProxy */ = {
			isa = PBXContainerItemProxy;
			containerPortal = 83E04F982A22DF1B009720AB /* Project object */;
			proxyType = 1;
			remoteGlobalIDString = 83E04F9F2A22DF1B009720AB;
			remoteInfo = "Tenki Weather";
		};
/* End PBXContainerItemProxy section */

/* Begin PBXFileReference section */
		830279E12A9A5CE100E3487D /* NetworkMonitor.swift */ = {isa = PBXFileReference; lastKnownFileType = sourcecode.swift; path = NetworkMonitor.swift; sourceTree = "<group>"; };
		83070FC32E428C0F00112189 /* Locations6.xcdatamodel */ = {isa = PBXFileReference; lastKnownFileType = wrapper.xcdatamodel; path = Locations6.xcdatamodel; sourceTree = "<group>"; };
		8313DE852B61A20D0031C5E7 /* PressureTileView.swift */ = {isa = PBXFileReference; lastKnownFileType = sourcecode.swift; path = PressureTileView.swift; sourceTree = "<group>"; };
		8313DE872B61B69C0031C5E7 /* TomorrowImmediateWeatherView.swift */ = {isa = PBXFileReference; lastKnownFileType = sourcecode.swift; path = TomorrowImmediateWeatherView.swift; sourceTree = "<group>"; };
		8313DE892B62699A0031C5E7 /* PrecipitationTileView.swift */ = {isa = PBXFileReference; lastKnownFileType = sourcecode.swift; path = PrecipitationTileView.swift; sourceTree = "<group>"; };
		8313DE8B2B6289A10031C5E7 /* SavedLocationImageView.swift */ = {isa = PBXFileReference; lastKnownFileType = sourcecode.swift; path = SavedLocationImageView.swift; sourceTree = "<group>"; };
		8313DE8D2B62CCD10031C5E7 /* CurrentLocationView.swift */ = {isa = PBXFileReference; lastKnownFileType = sourcecode.swift; path = CurrentLocationView.swift; sourceTree = "<group>"; };
		8313DE932B63DB890031C5E7 /* TabViews.swift */ = {isa = PBXFileReference; lastKnownFileType = sourcecode.swift; path = TabViews.swift; sourceTree = "<group>"; };
		83146D5D2A5B94C5000631D2 /* Tenki Weather.entitlements */ = {isa = PBXFileReference; lastKnownFileType = text.plist.entitlements; path = "Tenki Weather.entitlements"; sourceTree = "<group>"; };
		831AA27F2D493AB800FAF5B5 /* SearchingScreenView.swift */ = {isa = PBXFileReference; lastKnownFileType = sourcecode.swift; path = SearchingScreenView.swift; sourceTree = "<group>"; };
		831AA2812D49557900FAF5B5 /* LocationSearchViewModel.swift */ = {isa = PBXFileReference; lastKnownFileType = sourcecode.swift; path = LocationSearchViewModel.swift; sourceTree = "<group>"; };
		8325B39D2DEE091A00EBD840 /* ViewModels+Preview.swift */ = {isa = PBXFileReference; lastKnownFileType = sourcecode.swift; path = "ViewModels+Preview.swift"; sourceTree = "<group>"; };
		8325B39F2DEF17D500EBD840 /* WeatherAlertModel+Placeholder.swift */ = {isa = PBXFileReference; lastKnownFileType = sourcecode.swift; path = "WeatherAlertModel+Placeholder.swift"; sourceTree = "<group>"; };
		8325B3A92DEF481800EBD840 /* NavigationBarModifier+ViewModifier.swift */ = {isa = PBXFileReference; lastKnownFileType = sourcecode.swift; path = "NavigationBarModifier+ViewModifier.swift"; sourceTree = "<group>"; };
		8325B3AB2DF086E500EBD840 /* Locations5.xcdatamodel */ = {isa = PBXFileReference; lastKnownFileType = wrapper.xcdatamodel; path = Locations5.xcdatamodel; sourceTree = "<group>"; };
		8336164C2B9D554A0045F639 /* SearchBar.swift */ = {isa = PBXFileReference; lastKnownFileType = sourcecode.swift; path = SearchBar.swift; sourceTree = "<group>"; };
		8336164E2B9D9B220045F639 /* SettingsScreen.swift */ = {isa = PBXFileReference; lastKnownFileType = sourcecode.swift; path = SettingsScreen.swift; sourceTree = "<group>"; };
		833D7CCA2CCFE77C00072715 /* BigCardViewModifier+ViewModifier.swift */ = {isa = PBXFileReference; lastKnownFileType = sourcecode.swift; path = "BigCardViewModifier+ViewModifier.swift"; sourceTree = "<group>"; };
		8345EA402BA5631F00E8EFBD /* Locations2.xcdatamodel */ = {isa = PBXFileReference; lastKnownFileType = wrapper.xcdatamodel; path = Locations2.xcdatamodel; sourceTree = "<group>"; };
		8345EA412BA6F21600E8EFBD /* ImageProgressView.swift */ = {isa = PBXFileReference; lastKnownFileType = sourcecode.swift; path = ImageProgressView.swift; sourceTree = "<group>"; };
		8348115F2A58EAFB008EB616 /* WebView.swift */ = {isa = PBXFileReference; fileEncoding = 4; lastKnownFileType = sourcecode.swift; path = WebView.swift; sourceTree = "<group>"; };
		834E1F772A98C51800DB4DE5 /* WeatherAlertTileView.swift */ = {isa = PBXFileReference; lastKnownFileType = sourcecode.swift; path = WeatherAlertTileView.swift; sourceTree = "<group>"; };
		834E1F792A98D99000DB4DE5 /* WeatherAlertModel.swift */ = {isa = PBXFileReference; lastKnownFileType = sourcecode.swift; path = WeatherAlertModel.swift; sourceTree = "<group>"; };
		8357C7912C40B76D003FCAF5 /* PlaceDetails.swift */ = {isa = PBXFileReference; lastKnownFileType = sourcecode.swift; path = PlaceDetails.swift; sourceTree = "<group>"; };
		8359F4F22BB5E1B6005F8911 /* BackgroundTasksManager.swift */ = {isa = PBXFileReference; lastKnownFileType = sourcecode.swift; path = BackgroundTasksManager.swift; sourceTree = "<group>"; };
		8359F4FA2BB9E78F005F8911 /* SearchLocationModel.swift */ = {isa = PBXFileReference; lastKnownFileType = sourcecode.swift; path = SearchLocationModel.swift; sourceTree = "<group>"; };
		835EB2EF2A5508D400346B21 /* SendMailView.swift */ = {isa = PBXFileReference; fileEncoding = 4; lastKnownFileType = sourcecode.swift; path = SendMailView.swift; sourceTree = "<group>"; };
		8362F0B12DF49C5D00F51805 /* Color+extension.swift */ = {isa = PBXFileReference; lastKnownFileType = sourcecode.swift; path = "Color+extension.swift"; sourceTree = "<group>"; };
		83731A692A2FC2E400D481CA /* DailyWeatherCell.swift */ = {isa = PBXFileReference; lastKnownFileType = sourcecode.swift; path = DailyWeatherCell.swift; sourceTree = "<group>"; };
		83731A6C2A2FD97F00D481CA /* CustomDivider.swift */ = {isa = PBXFileReference; lastKnownFileType = sourcecode.swift; path = CustomDivider.swift; sourceTree = "<group>"; };
		83731A732A2FFC9A00D481CA /* SavedLocationCell.swift */ = {isa = PBXFileReference; lastKnownFileType = sourcecode.swift; path = SavedLocationCell.swift; sourceTree = "<group>"; };
		83731A752A2FFE4300D481CA /* SavedLocationsView.swift */ = {isa = PBXFileReference; lastKnownFileType = sourcecode.swift; path = SavedLocationsView.swift; sourceTree = "<group>"; };
		83749C5D2BA2B74900480F5F /* Locations.xcdatamodel */ = {isa = PBXFileReference; lastKnownFileType = wrapper.xcdatamodel; path = Locations.xcdatamodel; sourceTree = "<group>"; };
		8375865E2CED6BE3000E2EF9 /* Locations4.xcdatamodel */ = {isa = PBXFileReference; lastKnownFileType = wrapper.xcdatamodel; path = Locations4.xcdatamodel; sourceTree = "<group>"; };
		8378D8072D568F69004EE3CB /* Assets.xcassets */ = {isa = PBXFileReference; lastKnownFileType = folder.assetcatalog; path = Assets.xcassets; sourceTree = "<group>"; };
		837D7DA62B6B07C60031B296 /* HourlyForecastLineGraphView.swift */ = {isa = PBXFileReference; lastKnownFileType = sourcecode.swift; path = HourlyForecastLineGraphView.swift; sourceTree = "<group>"; };
		837D7DAA2B6D879F0031B296 /* CircularProgressView.swift */ = {isa = PBXFileReference; lastKnownFileType = sourcecode.swift; path = CircularProgressView.swift; sourceTree = "<group>"; };
		837D7DAC2B7138160031B296 /* snow.sks */ = {isa = PBXFileReference; lastKnownFileType = file.sks; path = snow.sks; sourceTree = "<group>"; };
		837D7DAF2B7139150031B296 /* SnowScene.swift */ = {isa = PBXFileReference; lastKnownFileType = sourcecode.swift; path = SnowScene.swift; sourceTree = "<group>"; };
		837D7DB12B713C910031B296 /* rain.sks */ = {isa = PBXFileReference; lastKnownFileType = file.sks; path = rain.sks; sourceTree = "<group>"; };
		837D7DB52B713D230031B296 /* RainScene.swift */ = {isa = PBXFileReference; lastKnownFileType = sourcecode.swift; path = RainScene.swift; sourceTree = "<group>"; };
		837D7DB72B7154270031B296 /* WeatherParticleEffectView.swift */ = {isa = PBXFileReference; lastKnownFileType = sourcecode.swift; path = WeatherParticleEffectView.swift; sourceTree = "<group>"; };
		837D7DBB2B72B0210031B296 /* Enums.swift */ = {isa = PBXFileReference; lastKnownFileType = sourcecode.swift; path = Enums.swift; sourceTree = "<group>"; };
		838461822A508E13000B8E86 /* AppStateViewModel.swift */ = {isa = PBXFileReference; lastKnownFileType = sourcecode.swift; path = AppStateViewModel.swift; sourceTree = "<group>"; };
		838F7A382CAAD54B00607451 /* Locations3.xcdatamodel */ = {isa = PBXFileReference; lastKnownFileType = wrapper.xcdatamodel; path = Locations3.xcdatamodel; sourceTree = "<group>"; };
		838FAE0A2B5E4ECC00AAC0C1 /* HourlyForecastTileView.swift */ = {isa = PBXFileReference; lastKnownFileType = sourcecode.swift; path = HourlyForecastTileView.swift; sourceTree = "<group>"; };
		838FAE0C2B5E753D00AAC0C1 /* ImmediateWeatherDetails.swift */ = {isa = PBXFileReference; lastKnownFileType = sourcecode.swift; path = ImmediateWeatherDetails.swift; sourceTree = "<group>"; };
		8390BF952A9356CE00E0B865 /* TermsAndConditionsView.swift */ = {isa = PBXFileReference; lastKnownFileType = sourcecode.swift; path = TermsAndConditionsView.swift; sourceTree = "<group>"; };
		8390BF9E2A9656F800E0B865 /* Launch Screen.storyboard */ = {isa = PBXFileReference; lastKnownFileType = file.storyboard; path = "Launch Screen.storyboard"; sourceTree = "<group>"; };
		839BE0A92E43DA7D00E4B7D9 /* ImageCacheService.swift */ = {isa = PBXFileReference; lastKnownFileType = sourcecode.swift; path = ImageCacheService.swift; sourceTree = "<group>"; };
		839BE0AB2E43DAA200E4B7D9 /* CachedAsyncImageView.swift */ = {isa = PBXFileReference; lastKnownFileType = sourcecode.swift; path = CachedAsyncImageView.swift; sourceTree = "<group>"; };
		839F32EA2A39186C0048EF05 /* WindModel.swift */ = {isa = PBXFileReference; lastKnownFileType = sourcecode.swift; path = WindModel.swift; sourceTree = "<group>"; };
		839F32ED2A3919510048EF05 /* SunModel.swift */ = {isa = PBXFileReference; lastKnownFileType = sourcecode.swift; path = SunModel.swift; sourceTree = "<group>"; };
		839F32EF2A39198C0048EF05 /* HourlyWeatherModel.swift */ = {isa = PBXFileReference; lastKnownFileType = sourcecode.swift; path = HourlyWeatherModel.swift; sourceTree = "<group>"; };
		839F32F72A3BD62C0048EF05 /* Info.plist */ = {isa = PBXFileReference; lastKnownFileType = text.plist.xml; path = Info.plist; sourceTree = "<group>"; };
		83A7E5FB2DE5C09D00A6C622 /* TenkiWeatherTests.xctest */ = {isa = PBXFileReference; explicitFileType = wrapper.cfbundle; includeInIndex = 0; path = TenkiWeatherTests.xctest; sourceTree = BUILT_PRODUCTS_DIR; };
		83AFCA272C5F84F200B0F373 /* DailyWeatherModel+Placeholder.swift */ = {isa = PBXFileReference; lastKnownFileType = sourcecode.swift; path = "DailyWeatherModel+Placeholder.swift"; sourceTree = "<group>"; };
		83AFCA292C5FD06600B0F373 /* HourlyWeatherModel+Placeholder.swift */ = {isa = PBXFileReference; lastKnownFileType = sourcecode.swift; path = "HourlyWeatherModel+Placeholder.swift"; sourceTree = "<group>"; };
		83AFCA2B2C5FD1B300B0F373 /* WindModel+Placeholder.swift */ = {isa = PBXFileReference; lastKnownFileType = sourcecode.swift; path = "WindModel+Placeholder.swift"; sourceTree = "<group>"; };
		83AFCA2D2C5FD29E00B0F373 /* SunModel+Placeholder.swift */ = {isa = PBXFileReference; lastKnownFileType = sourcecode.swift; path = "SunModel+Placeholder.swift"; sourceTree = "<group>"; };
		83B5ADC42A310FAB00C3C2F6 /* TodayWeatherModel.swift */ = {isa = PBXFileReference; lastKnownFileType = sourcecode.swift; path = TodayWeatherModel.swift; sourceTree = "<group>"; };
		83B760902A6710FF007075E2 /* FullScreenWebView.swift */ = {isa = PBXFileReference; lastKnownFileType = sourcecode.swift; path = FullScreenWebView.swift; sourceTree = "<group>"; };
		83B760922A67119C007075E2 /* LabelView.swift */ = {isa = PBXFileReference; lastKnownFileType = sourcecode.swift; path = LabelView.swift; sourceTree = "<group>"; };
		83C4FFF02A34005F00DEF7F3 /* DailyWeatherModel.swift */ = {isa = PBXFileReference; lastKnownFileType = sourcecode.swift; path = DailyWeatherModel.swift; sourceTree = "<group>"; };
		83C4FFF82A352E9B00DEF7F3 /* Constants.swift */ = {isa = PBXFileReference; lastKnownFileType = sourcecode.swift; path = Constants.swift; sourceTree = "<group>"; };
		83C8472A2DF7A8F60099F083 /* RainView.swift */ = {isa = PBXFileReference; lastKnownFileType = sourcecode.swift; path = RainView.swift; sourceTree = "<group>"; };
		83C8472C2DF7A9010099F083 /* CloudView.swift */ = {isa = PBXFileReference; lastKnownFileType = sourcecode.swift; path = CloudView.swift; sourceTree = "<group>"; };
		83C8472E2DF7A9070099F083 /* SnowView.swift */ = {isa = PBXFileReference; lastKnownFileType = sourcecode.swift; path = SnowView.swift; sourceTree = "<group>"; };
		83C847302DF7A9C10099F083 /* LightningEffectViews.swift */ = {isa = PBXFileReference; lastKnownFileType = sourcecode.swift; path = LightningEffectViews.swift; sourceTree = "<group>"; };
		83CC40CF2CD290D900CF58D2 /* MoonModel.swift */ = {isa = PBXFileReference; lastKnownFileType = sourcecode.swift; path = MoonModel.swift; sourceTree = "<group>"; };
		83CC40D12CD2939F00CF58D2 /* MoonModel+Placeholder.swift */ = {isa = PBXFileReference; lastKnownFileType = sourcecode.swift; path = "MoonModel+Placeholder.swift"; sourceTree = "<group>"; };
		83CC40D32CD294BA00CF58D2 /* MoonTileView.swift */ = {isa = PBXFileReference; lastKnownFileType = sourcecode.swift; path = MoonTileView.swift; sourceTree = "<group>"; };
		83CC448D2C5E8425003BC3D9 /* TodayWeatherModel+placeholder.swift */ = {isa = PBXFileReference; lastKnownFileType = sourcecode.swift; path = "TodayWeatherModel+placeholder.swift"; sourceTree = "<group>"; };
		83DA72E52A41655400C50C86 /* SavedLocationsPersistenceViewModel.swift */ = {isa = PBXFileReference; lastKnownFileType = sourcecode.swift; path = SavedLocationsPersistenceViewModel.swift; sourceTree = "<group>"; };
		83DA72E72A419C7C00C50C86 /* WeatherService.swift */ = {isa = PBXFileReference; lastKnownFileType = sourcecode.swift; path = WeatherService.swift; sourceTree = "<group>"; };
		83DA72E92A419F9400C50C86 /* WeatherViewModel.swift */ = {isa = PBXFileReference; lastKnownFileType = sourcecode.swift; path = WeatherViewModel.swift; sourceTree = "<group>"; };
		83E04FA02A22DF1B009720AB /* Tenki Weather.app */ = {isa = PBXFileReference; explicitFileType = wrapper.application; includeInIndex = 0; path = "Tenki Weather.app"; sourceTree = BUILT_PRODUCTS_DIR; };
		83E04FA32A22DF1B009720AB /* WeatherApp.swift */ = {isa = PBXFileReference; lastKnownFileType = sourcecode.swift; path = WeatherApp.swift; sourceTree = "<group>"; };
		83E04FA72A22DF1E009720AB /* Assets.xcassets */ = {isa = PBXFileReference; lastKnownFileType = folder.assetcatalog; path = Assets.xcassets; sourceTree = "<group>"; };
		83E04FAA2A22DF1E009720AB /* Preview Assets.xcassets */ = {isa = PBXFileReference; lastKnownFileType = folder.assetcatalog; path = "Preview Assets.xcassets"; sourceTree = "<group>"; };
		83E04FB12A247295009720AB /* TodayScreen.swift */ = {isa = PBXFileReference; lastKnownFileType = sourcecode.swift; path = TodayScreen.swift; sourceTree = "<group>"; };
		83E04FB32A2472A5009720AB /* TomorrowScreen.swift */ = {isa = PBXFileReference; lastKnownFileType = sourcecode.swift; path = TomorrowScreen.swift; sourceTree = "<group>"; };
		83E04FB52A2472C3009720AB /* MultiDayScreen.swift */ = {isa = PBXFileReference; lastKnownFileType = sourcecode.swift; path = MultiDayScreen.swift; sourceTree = "<group>"; };
		83E04FBF2A2555DE009720AB /* WeatherTabSelectionsView.swift */ = {isa = PBXFileReference; lastKnownFileType = sourcecode.swift; path = WeatherTabSelectionsView.swift; sourceTree = "<group>"; };
		83E04FC12A255FBC009720AB /* MainScreen.swift */ = {isa = PBXFileReference; lastKnownFileType = sourcecode.swift; path = MainScreen.swift; sourceTree = "<group>"; };
		83E04FC92A25BE35009720AB /* WeatherGraphView.swift */ = {isa = PBXFileReference; lastKnownFileType = sourcecode.swift; path = WeatherGraphView.swift; sourceTree = "<group>"; };
		83E04FD32A2B2892009720AB /* WindTileView.swift */ = {isa = PBXFileReference; lastKnownFileType = sourcecode.swift; path = WindTileView.swift; sourceTree = "<group>"; };
		83E228512A42C52E00C4ED34 /* CoreLocationViewModel.swift */ = {isa = PBXFileReference; lastKnownFileType = sourcecode.swift; path = CoreLocationViewModel.swift; sourceTree = "<group>"; };
		83EB28302B9769C700CFC390 /* HumidityTileView.swift */ = {isa = PBXFileReference; lastKnownFileType = sourcecode.swift; path = HumidityTileView.swift; sourceTree = "<group>"; };
		83EB28322B976A4700CFC390 /* UVIndexTileView.swift */ = {isa = PBXFileReference; lastKnownFileType = sourcecode.swift; path = UVIndexTileView.swift; sourceTree = "<group>"; };
		83EB28342B976A5500CFC390 /* VisibilityTileView.swift */ = {isa = PBXFileReference; lastKnownFileType = sourcecode.swift; path = VisibilityTileView.swift; sourceTree = "<group>"; };
		83EB28362B976A6000CFC390 /* SunDataTile.swift */ = {isa = PBXFileReference; lastKnownFileType = sourcecode.swift; path = SunDataTile.swift; sourceTree = "<group>"; };
		83FD51F62B87B56B008F875B /* UIColor+extension.swift */ = {isa = PBXFileReference; lastKnownFileType = sourcecode.swift; path = "UIColor+extension.swift"; sourceTree = "<group>"; };
		83FD51F82B87B5EF008F875B /* SettingsViewFrameViewModifier+ViewModifier.swift */ = {isa = PBXFileReference; lastKnownFileType = sourcecode.swift; path = "SettingsViewFrameViewModifier+ViewModifier.swift"; sourceTree = "<group>"; };
		83FD51FA2B87B66D008F875B /* SettingsListBackgroundViewModifier+ViewModifier.swift */ = {isa = PBXFileReference; lastKnownFileType = sourcecode.swift; path = "SettingsListBackgroundViewModifier+ViewModifier.swift"; sourceTree = "<group>"; };
		83FD51FC2B87B6C4008F875B /* HeaderViewModifier+ViewModifier.swift */ = {isa = PBXFileReference; lastKnownFileType = sourcecode.swift; path = "HeaderViewModifier+ViewModifier.swift"; sourceTree = "<group>"; };
		83FD51FE2B87BA3E008F875B /* SubHeaderViewModifier+ViewModifier.swift */ = {isa = PBXFileReference; lastKnownFileType = sourcecode.swift; path = "SubHeaderViewModifier+ViewModifier.swift"; sourceTree = "<group>"; };
		83FD52002B87BA71008F875B /* CustomNavBackButton+ViewModifier.swift */ = {isa = PBXFileReference; lastKnownFileType = sourcecode.swift; path = "CustomNavBackButton+ViewModifier.swift"; sourceTree = "<group>"; };
		83FD52022B87BAA3008F875B /* CardViewModifier+ViewModifier.swift */ = {isa = PBXFileReference; lastKnownFileType = sourcecode.swift; path = "CardViewModifier+ViewModifier.swift"; sourceTree = "<group>"; };
		83FD52042B87BAD1008F875B /* View+extension.swift */ = {isa = PBXFileReference; lastKnownFileType = sourcecode.swift; path = "View+extension.swift"; sourceTree = "<group>"; };
		83FD52062B87E464008F875B /* Helper.swift */ = {isa = PBXFileReference; lastKnownFileType = sourcecode.swift; path = Helper.swift; sourceTree = "<group>"; };
/* End PBXFileReference section */

/* Begin PBXFileSystemSynchronizedBuildFileExceptionSet section */
		83C60B6E2E0620C500CCB529 /* PBXFileSystemSynchronizedBuildFileExceptionSet */ = {
			isa = PBXFileSystemSynchronizedBuildFileExceptionSet;
			membershipExceptions = (
				Mock/MockCoreLocationViewModel.swift,
				Mock/MockWeatherService.swift,
			);
			target = 83E04F9F2A22DF1B009720AB /* Tenki Weather */;
		};
		83C60B6F2E0620C500CCB529 /* PBXFileSystemSynchronizedBuildFileExceptionSet */ = {
			isa = PBXFileSystemSynchronizedBuildFileExceptionSet;
			membershipExceptions = (
				Mock/MockCoreLocationViewModel.swift,
				Mock/MockWeatherService.swift,
			);
			target = 83A7E5FA2DE5C09D00A6C622 /* TenkiWeatherTests */;
		};
/* End PBXFileSystemSynchronizedBuildFileExceptionSet section */

/* Begin PBXFileSystemSynchronizedRootGroup section */
		83A7E5FC2DE5C09E00A6C622 /* TenkiWeatherTests */ = {isa = PBXFileSystemSynchronizedRootGroup; exceptions = (83C60B6E2E0620C500CCB529 /* PBXFileSystemSynchronizedBuildFileExceptionSet */, 83C60B6F2E0620C500CCB529 /* PBXFileSystemSynchronizedBuildFileExceptionSet */, ); explicitFileTypes = {}; explicitFolders = (); path = TenkiWeatherTests; sourceTree = "<group>"; };
/* End PBXFileSystemSynchronizedRootGroup section */

/* Begin PBXFrameworksBuildPhase section */
		83A7E5F82DE5C09D00A6C622 /* Frameworks */ = {
			isa = PBXFrameworksBuildPhase;
			buildActionMask = 2147483647;
			files = (
			);
			runOnlyForDeploymentPostprocessing = 0;
		};
		83E04F9D2A22DF1B009720AB /* Frameworks */ = {
			isa = PBXFrameworksBuildPhase;
			buildActionMask = 2147483647;
			files = (
			);
			runOnlyForDeploymentPostprocessing = 0;
		};
/* End PBXFrameworksBuildPhase section */

/* Begin PBXGroup section */
		42153E690532CE7A0ADF9022 /* Frameworks */ = {
			isa = PBXGroup;
			children = (
			);
			name = Frameworks;
			sourceTree = "<group>";
		};
		830279DE2A98E80000E3487D /* WebViews */ = {
			isa = PBXGroup;
			children = (
				83B760902A6710FF007075E2 /* FullScreenWebView.swift */,
				8348115F2A58EAFB008EB616 /* WebView.swift */,
			);
			path = WebViews;
			sourceTree = "<group>";
		};
		8313DE922B63DB250031C5E7 /* MainScreenViews */ = {
			isa = PBXGroup;
			children = (
				83E04FC12A255FBC009720AB /* MainScreen.swift */,
				8313DE932B63DB890031C5E7 /* TabViews.swift */,
				8336164C2B9D554A0045F639 /* SearchBar.swift */,
				83E04FBF2A2555DE009720AB /* WeatherTabSelectionsView.swift */,
				8336164E2B9D9B220045F639 /* SettingsScreen.swift */,
			);
			path = MainScreenViews;
			sourceTree = "<group>";
		};
		834E1F762A98C49C00DB4DE5 /* Graphs */ = {
			isa = PBXGroup;
			children = (
				83E04FC92A25BE35009720AB /* WeatherGraphView.swift */,
				837D7DA62B6B07C60031B296 /* HourlyForecastLineGraphView.swift */,
			);
			path = Graphs;
			sourceTree = "<group>";
		};
		8359F4F12BB5E196005F8911 /* Services */ = {
			isa = PBXGroup;
			children = (
				83DA72E72A419C7C00C50C86 /* WeatherService.swift */,
				8359F4F22BB5E1B6005F8911 /* BackgroundTasksManager.swift */,
				839BE0A92E43DA7D00E4B7D9 /* ImageCacheService.swift */,
			);
			path = Services;
			sourceTree = "<group>";
		};
		83731A6B2A2FD91E00D481CA /* Subviews */ = {
			isa = PBXGroup;
			children = (
				838FAE162B6084A200AAC0C1 /* Tile Views */,
				834E1F762A98C49C00DB4DE5 /* Graphs */,
				830279DE2A98E80000E3487D /* WebViews */,
				837D7DAA2B6D879F0031B296 /* CircularProgressView.swift */,
				8345EA412BA6F21600E8EFBD /* ImageProgressView.swift */,
				83B760922A67119C007075E2 /* LabelView.swift */,
				835EB2EF2A5508D400346B21 /* SendMailView.swift */,
				8390BF952A9356CE00E0B865 /* TermsAndConditionsView.swift */,
				83731A6C2A2FD97F00D481CA /* CustomDivider.swift */,
				83C8472A2DF7A8F60099F083 /* RainView.swift */,
				83C8472C2DF7A9010099F083 /* CloudView.swift */,
				83C8472E2DF7A9070099F083 /* SnowView.swift */,
				83C847302DF7A9C10099F083 /* LightningEffectViews.swift */,
			);
			path = Subviews;
			sourceTree = "<group>";
		};
		83731A6F2A2FD9F300D481CA /* Views */ = {
			isa = PBXGroup;
			children = (
				8313DE922B63DB250031C5E7 /* MainScreenViews */,
				83731A722A2FFC5F00D481CA /* SearchingScreenViews */,
				83E04FC62A25A920009720AB /* TodayScreenViews */,
				83E04FC72A25A944009720AB /* TomorrowScreenViews */,
				83E04FC82A25A957009720AB /* MultiDayScreenViews */,
				83731A6B2A2FD91E00D481CA /* Subviews */,
			);
			path = Views;
			sourceTree = "<group>";
		};
		83731A722A2FFC5F00D481CA /* SearchingScreenViews */ = {
			isa = PBXGroup;
			children = (
				831AA27F2D493AB800FAF5B5 /* SearchingScreenView.swift */,
				8313DE8D2B62CCD10031C5E7 /* CurrentLocationView.swift */,
				83731A752A2FFE4300D481CA /* SavedLocationsView.swift */,
				83731A732A2FFC9A00D481CA /* SavedLocationCell.swift */,
				8357C7912C40B76D003FCAF5 /* PlaceDetails.swift */,
				8313DE8B2B6289A10031C5E7 /* SavedLocationImageView.swift */,
			);
			path = SearchingScreenViews;
			sourceTree = "<group>";
		};
		837D7DAE2B7139040031B296 /* SpriteKit */ = {
			isa = PBXGroup;
			children = (
				837D7DB72B7154270031B296 /* WeatherParticleEffectView.swift */,
				8378D8072D568F69004EE3CB /* Assets.xcassets */,
				837D7DAC2B7138160031B296 /* snow.sks */,
				837D7DAF2B7139150031B296 /* SnowScene.swift */,
				837D7DB12B713C910031B296 /* rain.sks */,
				837D7DB52B713D230031B296 /* RainScene.swift */,
			);
			path = SpriteKit;
			sourceTree = "<group>";
		};
		838FAE162B6084A200AAC0C1 /* Tile Views */ = {
			isa = PBXGroup;
			children = (
				834E1F772A98C51800DB4DE5 /* WeatherAlertTileView.swift */,
				838FAE0A2B5E4ECC00AAC0C1 /* HourlyForecastTileView.swift */,
				8313DE852B61A20D0031C5E7 /* PressureTileView.swift */,
				8313DE892B62699A0031C5E7 /* PrecipitationTileView.swift */,
				83E04FD32A2B2892009720AB /* WindTileView.swift */,
				83EB28302B9769C700CFC390 /* HumidityTileView.swift */,
				83EB28322B976A4700CFC390 /* UVIndexTileView.swift */,
				83EB28342B976A5500CFC390 /* VisibilityTileView.swift */,
				83EB28362B976A6000CFC390 /* SunDataTile.swift */,
				83CC40D32CD294BA00CF58D2 /* MoonTileView.swift */,
			);
			path = "Tile Views";
			sourceTree = "<group>";
		};
		839F32EC2A3918FD0048EF05 /* Models */ = {
			isa = PBXGroup;
			children = (
				83B5ADC42A310FAB00C3C2F6 /* TodayWeatherModel.swift */,
				83CC448D2C5E8425003BC3D9 /* TodayWeatherModel+placeholder.swift */,
				83C4FFF02A34005F00DEF7F3 /* DailyWeatherModel.swift */,
				83AFCA272C5F84F200B0F373 /* DailyWeatherModel+Placeholder.swift */,
				83749C5C2BA2B74900480F5F /* Locations.xcdatamodeld */,
				839F32F32A3919D70048EF05 /* Sub Models */,
			);
			path = Models;
			sourceTree = "<group>";
		};
		839F32F32A3919D70048EF05 /* Sub Models */ = {
			isa = PBXGroup;
			children = (
				839F32EF2A39198C0048EF05 /* HourlyWeatherModel.swift */,
				83AFCA292C5FD06600B0F373 /* HourlyWeatherModel+Placeholder.swift */,
				839F32EA2A39186C0048EF05 /* WindModel.swift */,
				83AFCA2B2C5FD1B300B0F373 /* WindModel+Placeholder.swift */,
				839F32ED2A3919510048EF05 /* SunModel.swift */,
				83AFCA2D2C5FD29E00B0F373 /* SunModel+Placeholder.swift */,
				834E1F792A98D99000DB4DE5 /* WeatherAlertModel.swift */,
				8325B39F2DEF17D500EBD840 /* WeatherAlertModel+Placeholder.swift */,
				8359F4FA2BB9E78F005F8911 /* SearchLocationModel.swift */,
				83CC40CF2CD290D900CF58D2 /* MoonModel.swift */,
				83CC40D12CD2939F00CF58D2 /* MoonModel+Placeholder.swift */,
			);
			path = "Sub Models";
			sourceTree = "<group>";
		};
		83DA72DA2A3FC12800C50C86 /* ViewModels */ = {
			isa = PBXGroup;
			children = (
				838461822A508E13000B8E86 /* AppStateViewModel.swift */,
				83DA72E92A419F9400C50C86 /* WeatherViewModel.swift */,
				83E228512A42C52E00C4ED34 /* CoreLocationViewModel.swift */,
				83DA72E52A41655400C50C86 /* SavedLocationsPersistenceViewModel.swift */,
				830279E12A9A5CE100E3487D /* NetworkMonitor.swift */,
				831AA2812D49557900FAF5B5 /* LocationSearchViewModel.swift */,
			);
			path = ViewModels;
			sourceTree = "<group>";
		};
		83DA72DB2A3FC13500C50C86 /* Utils */ = {
			isa = PBXGroup;
			children = (
				83FD52062B87E464008F875B /* Helper.swift */,
				83C4FFF82A352E9B00DEF7F3 /* Constants.swift */,
				837D7DBB2B72B0210031B296 /* Enums.swift */,
				83FD52042B87BAD1008F875B /* View+extension.swift */,
				83FD51F62B87B56B008F875B /* UIColor+extension.swift */,
				8362F0B12DF49C5D00F51805 /* Color+extension.swift */,
				83FD52022B87BAA3008F875B /* CardViewModifier+ViewModifier.swift */,
				833D7CCA2CCFE77C00072715 /* BigCardViewModifier+ViewModifier.swift */,
				83FD51FC2B87B6C4008F875B /* HeaderViewModifier+ViewModifier.swift */,
				83FD51FA2B87B66D008F875B /* SettingsListBackgroundViewModifier+ViewModifier.swift */,
				83FD51F82B87B5EF008F875B /* SettingsViewFrameViewModifier+ViewModifier.swift */,
				83FD51FE2B87BA3E008F875B /* SubHeaderViewModifier+ViewModifier.swift */,
				83FD52002B87BA71008F875B /* CustomNavBackButton+ViewModifier.swift */,
				8325B39D2DEE091A00EBD840 /* ViewModels+Preview.swift */,
				8325B3A92DEF481800EBD840 /* NavigationBarModifier+ViewModifier.swift */,
				839BE0AB2E43DAA200E4B7D9 /* CachedAsyncImageView.swift */,
			);
			path = Utils;
			sourceTree = "<group>";
		};
		83E04F972A22DF1B009720AB = {
			isa = PBXGroup;
			children = (
				83146D5D2A5B94C5000631D2 /* Tenki Weather.entitlements */,
				83E04FA22A22DF1B009720AB /* Weather */,
				83E04FA72A22DF1E009720AB /* Assets.xcassets */,
				83A7E5FC2DE5C09E00A6C622 /* TenkiWeatherTests */,
				83E04FA12A22DF1B009720AB /* Products */,
				42153E690532CE7A0ADF9022 /* Frameworks */,
			);
			sourceTree = "<group>";
		};
		83E04FA12A22DF1B009720AB /* Products */ = {
			isa = PBXGroup;
			children = (
				83E04FA02A22DF1B009720AB /* Tenki Weather.app */,
				83A7E5FB2DE5C09D00A6C622 /* TenkiWeatherTests.xctest */,
			);
			name = Products;
			sourceTree = "<group>";
		};
		83E04FA22A22DF1B009720AB /* Weather */ = {
			isa = PBXGroup;
			children = (
				83E04FA32A22DF1B009720AB /* WeatherApp.swift */,
				8359F4F12BB5E196005F8911 /* Services */,
				839F32EC2A3918FD0048EF05 /* Models */,
				83731A6F2A2FD9F300D481CA /* Views */,
				83DA72DA2A3FC12800C50C86 /* ViewModels */,
				83DA72DB2A3FC13500C50C86 /* Utils */,
				837D7DAE2B7139040031B296 /* SpriteKit */,
				83E04FA92A22DF1E009720AB /* Preview Content */,
				8390BF9E2A9656F800E0B865 /* Launch Screen.storyboard */,
				839F32F72A3BD62C0048EF05 /* Info.plist */,
			);
			path = Weather;
			sourceTree = "<group>";
		};
		83E04FA92A22DF1E009720AB /* Preview Content */ = {
			isa = PBXGroup;
			children = (
				83E04FAA2A22DF1E009720AB /* Preview Assets.xcassets */,
			);
			path = "Preview Content";
			sourceTree = "<group>";
		};
		83E04FC62A25A920009720AB /* TodayScreenViews */ = {
			isa = PBXGroup;
			children = (
				83E04FB12A247295009720AB /* TodayScreen.swift */,
				838FAE0C2B5E753D00AAC0C1 /* ImmediateWeatherDetails.swift */,
			);
			path = TodayScreenViews;
			sourceTree = "<group>";
		};
		83E04FC72A25A944009720AB /* TomorrowScreenViews */ = {
			isa = PBXGroup;
			children = (
				83E04FB32A2472A5009720AB /* TomorrowScreen.swift */,
				8313DE872B61B69C0031C5E7 /* TomorrowImmediateWeatherView.swift */,
			);
			path = TomorrowScreenViews;
			sourceTree = "<group>";
		};
		83E04FC82A25A957009720AB /* MultiDayScreenViews */ = {
			isa = PBXGroup;
			children = (
				83E04FB52A2472C3009720AB /* MultiDayScreen.swift */,
				83731A692A2FC2E400D481CA /* DailyWeatherCell.swift */,
			);
			path = MultiDayScreenViews;
			sourceTree = "<group>";
		};
/* End PBXGroup section */

/* Begin PBXNativeTarget section */
		83A7E5FA2DE5C09D00A6C622 /* TenkiWeatherTests */ = {
			isa = PBXNativeTarget;
			buildConfigurationList = 83A7E6032DE5C09E00A6C622 /* Build configuration list for PBXNativeTarget "TenkiWeatherTests" */;
			buildPhases = (
				83A7E5F72DE5C09D00A6C622 /* Sources */,
				83A7E5F82DE5C09D00A6C622 /* Frameworks */,
				83A7E5F92DE5C09D00A6C622 /* Resources */,
			);
			buildRules = (
			);
			dependencies = (
				83A7E6002DE5C09E00A6C622 /* PBXTargetDependency */,
			);
			fileSystemSynchronizedGroups = (
				83A7E5FC2DE5C09E00A6C622 /* TenkiWeatherTests */,
			);
			name = TenkiWeatherTests;
			packageProductDependencies = (
			);
			productName = TenkiWeatherTests;
			productReference = 83A7E5FB2DE5C09D00A6C622 /* TenkiWeatherTests.xctest */;
			productType = "com.apple.product-type.bundle.unit-test";
		};
		83E04F9F2A22DF1B009720AB /* Tenki Weather */ = {
			isa = PBXNativeTarget;
			buildConfigurationList = 83E04FAE2A22DF1E009720AB /* Build configuration list for PBXNativeTarget "Tenki Weather" */;
			buildPhases = (
				83E04F9C2A22DF1B009720AB /* Sources */,
				83E04F9D2A22DF1B009720AB /* Frameworks */,
				83E04F9E2A22DF1B009720AB /* Resources */,
			);
			buildRules = (
			);
			dependencies = (
			);
			name = "Tenki Weather";
			packageProductDependencies = (
			);
			productName = Weather;
			productReference = 83E04FA02A22DF1B009720AB /* Tenki Weather.app */;
			productType = "com.apple.product-type.application";
		};
/* End PBXNativeTarget section */

/* Begin PBXProject section */
		83E04F982A22DF1B009720AB /* Project object */ = {
			isa = PBXProject;
			attributes = {
				BuildIndependentTargetsInParallel = 1;
				LastSwiftUpdateCheck = 1630;
				LastUpgradeCheck = 1510;
				TargetAttributes = {
					83A7E5FA2DE5C09D00A6C622 = {
						CreatedOnToolsVersion = 16.3;
						TestTargetID = 83E04F9F2A22DF1B009720AB;
					};
					83E04F9F2A22DF1B009720AB = {
						CreatedOnToolsVersion = 14.3;
					};
				};
			};
			buildConfigurationList = 83E04F9B2A22DF1B009720AB /* Build configuration list for PBXProject "Weather" */;
			compatibilityVersion = "Xcode 15.0";
			developmentRegion = en;
			hasScannedForEncodings = 0;
			knownRegions = (
				en,
				Base,
			);
			mainGroup = 83E04F972A22DF1B009720AB;
			packageReferences = (
			);
			productRefGroup = 83E04FA12A22DF1B009720AB /* Products */;
			projectDirPath = "";
			projectRoot = "";
			targets = (
				83E04F9F2A22DF1B009720AB /* Tenki Weather */,
				83A7E5FA2DE5C09D00A6C622 /* TenkiWeatherTests */,
			);
		};
/* End PBXProject section */

/* Begin PBXResourcesBuildPhase section */
		83A7E5F92DE5C09D00A6C622 /* Resources */ = {
			isa = PBXResourcesBuildPhase;
			buildActionMask = 2147483647;
			files = (
			);
			runOnlyForDeploymentPostprocessing = 0;
		};
		83E04F9E2A22DF1B009720AB /* Resources */ = {
			isa = PBXResourcesBuildPhase;
			buildActionMask = 2147483647;
			files = (
				8390BF9F2A9656F800E0B865 /* Launch Screen.storyboard in Resources */,
				83E04FAB2A22DF1E009720AB /* Preview Assets.xcassets in Resources */,
				8378D8092D568F69004EE3CB /* Assets.xcassets in Resources */,
				837D7DB32B713C910031B296 /* rain.sks in Resources */,
				837D7DAD2B7138160031B296 /* snow.sks in Resources */,
				83E04FA82A22DF1E009720AB /* Assets.xcassets in Resources */,
			);
			runOnlyForDeploymentPostprocessing = 0;
		};
/* End PBXResourcesBuildPhase section */

/* Begin PBXSourcesBuildPhase section */
		83A7E5F72DE5C09D00A6C622 /* Sources */ = {
			isa = PBXSourcesBuildPhase;
			buildActionMask = 2147483647;
			files = (
			);
			runOnlyForDeploymentPostprocessing = 0;
		};
		83E04F9C2A22DF1B009720AB /* Sources */ = {
			isa = PBXSourcesBuildPhase;
			buildActionMask = 2147483647;
			files = (
				8359F4FB2BB9E78F005F8911 /* SearchLocationModel.swift in Sources */,
				83FD52012B87BA71008F875B /* CustomNavBackButton+ViewModifier.swift in Sources */,
				83EB28332B976A4700CFC390 /* UVIndexTileView.swift in Sources */,
				838FAE0B2B5E4ECC00AAC0C1 /* HourlyForecastTileView.swift in Sources */,
				839F32F02A39198C0048EF05 /* HourlyWeatherModel.swift in Sources */,
				83EB28352B976A5500CFC390 /* VisibilityTileView.swift in Sources */,
				8313DE8A2B62699A0031C5E7 /* PrecipitationTileView.swift in Sources */,
				83DA72EA2A419F9400C50C86 /* WeatherViewModel.swift in Sources */,
				839BE0AA2E43DA7D00E4B7D9 /* ImageCacheService.swift in Sources */,
				83FD52052B87BAD1008F875B /* View+extension.swift in Sources */,
				83E04FD42A2B2892009720AB /* WindTileView.swift in Sources */,
				83CC40D22CD2939F00CF58D2 /* MoonModel+Placeholder.swift in Sources */,
				835EB2F02A5508D400346B21 /* SendMailView.swift in Sources */,
				839F32EE2A3919510048EF05 /* SunModel.swift in Sources */,
				83AFCA2E2C5FD29E00B0F373 /* SunModel+Placeholder.swift in Sources */,
				8313DE882B61B69C0031C5E7 /* TomorrowImmediateWeatherView.swift in Sources */,
				8313DE8E2B62CCD10031C5E7 /* CurrentLocationView.swift in Sources */,
				83C4FFF92A352E9B00DEF7F3 /* Constants.swift in Sources */,
				83C4FFF12A34005F00DEF7F3 /* DailyWeatherModel.swift in Sources */,
				83EB28312B9769C700CFC390 /* HumidityTileView.swift in Sources */,
				83749C5E2BA2B74900480F5F /* Locations.xcdatamodeld in Sources */,
				83E04FC22A255FBC009720AB /* MainScreen.swift in Sources */,
				831AA2822D49557900FAF5B5 /* LocationSearchViewModel.swift in Sources */,
				83C8472F2DF7A9070099F083 /* SnowView.swift in Sources */,
				8359F4F32BB5E1B6005F8911 /* BackgroundTasksManager.swift in Sources */,
				83731A6A2A2FC2E400D481CA /* DailyWeatherCell.swift in Sources */,
				83FD51F92B87B5EF008F875B /* SettingsViewFrameViewModifier+ViewModifier.swift in Sources */,
				83E04FB42A2472A5009720AB /* TomorrowScreen.swift in Sources */,
				83AFCA2C2C5FD1B300B0F373 /* WindModel+Placeholder.swift in Sources */,
				83E228522A42C52E00C4ED34 /* CoreLocationViewModel.swift in Sources */,
				83AFCA282C5F84F200B0F373 /* DailyWeatherModel+Placeholder.swift in Sources */,
				837D7DB62B713D230031B296 /* RainScene.swift in Sources */,
				83CC40D42CD294BA00CF58D2 /* MoonTileView.swift in Sources */,
				839BE0AC2E43DAA200E4B7D9 /* CachedAsyncImageView.swift in Sources */,
				833D7CCB2CCFE77C00072715 /* BigCardViewModifier+ViewModifier.swift in Sources */,
				8325B3AA2DEF481800EBD840 /* NavigationBarModifier+ViewModifier.swift in Sources */,
				83731A6D2A2FD97F00D481CA /* CustomDivider.swift in Sources */,
				83731A742A2FFC9A00D481CA /* SavedLocationCell.swift in Sources */,
				83AFCA2A2C5FD06600B0F373 /* HourlyWeatherModel+Placeholder.swift in Sources */,
				838FAE0D2B5E753D00AAC0C1 /* ImmediateWeatherDetails.swift in Sources */,
				837D7DBC2B72B0210031B296 /* Enums.swift in Sources */,
				83E04FB22A247295009720AB /* TodayScreen.swift in Sources */,
				837D7DA72B6B07C60031B296 /* HourlyForecastLineGraphView.swift in Sources */,
				83DA72E82A419C7C00C50C86 /* WeatherService.swift in Sources */,
				83E04FCA2A25BE35009720AB /* WeatherGraphView.swift in Sources */,
				8325B39E2DEE091A00EBD840 /* ViewModels+Preview.swift in Sources */,
				83C8472D2DF7A9010099F083 /* CloudView.swift in Sources */,
				839F32EB2A39186C0048EF05 /* WindModel.swift in Sources */,
				838461832A508E14000B8E86 /* AppStateViewModel.swift in Sources */,
				8390BF962A9356CE00E0B865 /* TermsAndConditionsView.swift in Sources */,
				83B5ADC52A310FAB00C3C2F6 /* TodayWeatherModel.swift in Sources */,
				8313DE8C2B6289A10031C5E7 /* SavedLocationImageView.swift in Sources */,
				83C847312DF7A9C10099F083 /* LightningEffectViews.swift in Sources */,
				8336164D2B9D554A0045F639 /* SearchBar.swift in Sources */,
				83731A762A2FFE4300D481CA /* SavedLocationsView.swift in Sources */,
				834E1F7A2A98D99000DB4DE5 /* WeatherAlertModel.swift in Sources */,
				8325B3A02DEF17D500EBD840 /* WeatherAlertModel+Placeholder.swift in Sources */,
				8336164F2B9D9B220045F639 /* SettingsScreen.swift in Sources */,
				83CC448E2C5E8425003BC3D9 /* TodayWeatherModel+placeholder.swift in Sources */,
				83FD51F72B87B56B008F875B /* UIColor+extension.swift in Sources */,
				83C8472B2DF7A8F60099F083 /* RainView.swift in Sources */,
				8362F0B22DF49C5D00F51805 /* Color+extension.swift in Sources */,
				837D7DB02B7139150031B296 /* SnowScene.swift in Sources */,
				83FD51FB2B87B66E008F875B /* SettingsListBackgroundViewModifier+ViewModifier.swift in Sources */,
				830279E22A9A5CE100E3487D /* NetworkMonitor.swift in Sources */,
				834E1F782A98C51800DB4DE5 /* WeatherAlertTileView.swift in Sources */,
				83B760912A6710FF007075E2 /* FullScreenWebView.swift in Sources */,
				837D7DAB2B6D879F0031B296 /* CircularProgressView.swift in Sources */,
				83FD52032B87BAA3008F875B /* CardViewModifier+ViewModifier.swift in Sources */,
				83E04FC02A2555DE009720AB /* WeatherTabSelectionsView.swift in Sources */,
				83E04FA42A22DF1B009720AB /* WeatherApp.swift in Sources */,
				8313DE862B61A20D0031C5E7 /* PressureTileView.swift in Sources */,
				831AA2802D493AB800FAF5B5 /* SearchingScreenView.swift in Sources */,
				83FD51FF2B87BA3E008F875B /* SubHeaderViewModifier+ViewModifier.swift in Sources */,
				8357C7922C40B76D003FCAF5 /* PlaceDetails.swift in Sources */,
				83DA72E62A41655400C50C86 /* SavedLocationsPersistenceViewModel.swift in Sources */,
				83B760932A67119C007075E2 /* LabelView.swift in Sources */,
				8345EA422BA6F21600E8EFBD /* ImageProgressView.swift in Sources */,
				83EB28372B976A6000CFC390 /* SunDataTile.swift in Sources */,
				834811602A58EAFB008EB616 /* WebView.swift in Sources */,
				83CC40D02CD290D900CF58D2 /* MoonModel.swift in Sources */,
				83FD51FD2B87B6C4008F875B /* HeaderViewModifier+ViewModifier.swift in Sources */,
				83E04FB62A2472C3009720AB /* MultiDayScreen.swift in Sources */,
				837D7DB82B7154270031B296 /* WeatherParticleEffectView.swift in Sources */,
				8313DE942B63DB890031C5E7 /* TabViews.swift in Sources */,
				83FD52072B87E464008F875B /* Helper.swift in Sources */,
			);
			runOnlyForDeploymentPostprocessing = 0;
		};
/* End PBXSourcesBuildPhase section */

/* Begin PBXTargetDependency section */
		83A7E6002DE5C09E00A6C622 /* PBXTargetDependency */ = {
			isa = PBXTargetDependency;
			target = 83E04F9F2A22DF1B009720AB /* Tenki Weather */;
			targetProxy = 83A7E5FF2DE5C09E00A6C622 /* PBXContainerItemProxy */;
		};
/* End PBXTargetDependency section */

/* Begin XCBuildConfiguration section */
		83A7E6012DE5C09E00A6C622 /* Debug */ = {
			isa = XCBuildConfiguration;
			buildSettings = {
				ASSETCATALOG_COMPILER_GENERATE_SWIFT_ASSET_SYMBOL_EXTENSIONS = YES;
				BUNDLE_LOADER = "$(TEST_HOST)";
				CODE_SIGN_STYLE = Automatic;
				CURRENT_PROJECT_VERSION = 1;
				DEVELOPMENT_TEAM = QNXV57SQKM;
				GCC_C_LANGUAGE_STANDARD = gnu17;
				GENERATE_INFOPLIST_FILE = YES;
				IPHONEOS_DEPLOYMENT_TARGET = 18.0;
				LOCALIZATION_PREFERS_STRING_CATALOGS = YES;
				MARKETING_VERSION = 1.0;
				PRODUCT_BUNDLE_IDENTIFIER = com.sannideveloper.TenkiWeatherTests;
				PRODUCT_NAME = "$(TARGET_NAME)";
				SWIFT_ACTIVE_COMPILATION_CONDITIONS = "DEBUG $(inherited)";
				SWIFT_EMIT_LOC_STRINGS = NO;
				SWIFT_VERSION = 5.0;
				TARGETED_DEVICE_FAMILY = "1,2";
				TEST_HOST = "$(BUILT_PRODUCTS_DIR)/Tenki Weather.app/$(BUNDLE_EXECUTABLE_FOLDER_PATH)/Tenki Weather";
			};
			name = Debug;
		};
		83A7E6022DE5C09E00A6C622 /* Release */ = {
			isa = XCBuildConfiguration;
			buildSettings = {
				ASSETCATALOG_COMPILER_GENERATE_SWIFT_ASSET_SYMBOL_EXTENSIONS = YES;
				BUNDLE_LOADER = "$(TEST_HOST)";
				CODE_SIGN_STYLE = Automatic;
				CURRENT_PROJECT_VERSION = 1;
				DEVELOPMENT_TEAM = QNXV57SQKM;
				GCC_C_LANGUAGE_STANDARD = gnu17;
				GENERATE_INFOPLIST_FILE = YES;
				IPHONEOS_DEPLOYMENT_TARGET = 18.0;
				LOCALIZATION_PREFERS_STRING_CATALOGS = YES;
				MARKETING_VERSION = 1.0;
				PRODUCT_BUNDLE_IDENTIFIER = com.sannideveloper.TenkiWeatherTests;
				PRODUCT_NAME = "$(TARGET_NAME)";
				SWIFT_EMIT_LOC_STRINGS = NO;
				SWIFT_VERSION = 5.0;
				TARGETED_DEVICE_FAMILY = "1,2";
				TEST_HOST = "$(BUILT_PRODUCTS_DIR)/Tenki Weather.app/$(BUNDLE_EXECUTABLE_FOLDER_PATH)/Tenki Weather";
			};
			name = Release;
		};
		83E04FAC2A22DF1E009720AB /* Debug */ = {
			isa = XCBuildConfiguration;
			buildSettings = {
				ALWAYS_SEARCH_USER_PATHS = NO;
				CLANG_ANALYZER_NONNULL = YES;
				CLANG_ANALYZER_NUMBER_OBJECT_CONVERSION = YES_AGGRESSIVE;
				CLANG_CXX_LANGUAGE_STANDARD = "gnu++20";
				CLANG_ENABLE_MODULES = YES;
				CLANG_ENABLE_OBJC_ARC = YES;
				CLANG_ENABLE_OBJC_WEAK = YES;
				CLANG_WARN_BLOCK_CAPTURE_AUTORELEASING = YES;
				CLANG_WARN_BOOL_CONVERSION = YES;
				CLANG_WARN_COMMA = YES;
				CLANG_WARN_CONSTANT_CONVERSION = YES;
				CLANG_WARN_DEPRECATED_OBJC_IMPLEMENTATIONS = YES;
				CLANG_WARN_DIRECT_OBJC_ISA_USAGE = YES_ERROR;
				CLANG_WARN_DOCUMENTATION_COMMENTS = YES;
				CLANG_WARN_EMPTY_BODY = YES;
				CLANG_WARN_ENUM_CONVERSION = YES;
				CLANG_WARN_INFINITE_RECURSION = YES;
				CLANG_WARN_INT_CONVERSION = YES;
				CLANG_WARN_NON_LITERAL_NULL_CONVERSION = YES;
				CLANG_WARN_OBJC_IMPLICIT_RETAIN_SELF = YES;
				CLANG_WARN_OBJC_LITERAL_CONVERSION = YES;
				CLANG_WARN_OBJC_ROOT_CLASS = YES_ERROR;
				CLANG_WARN_QUOTED_INCLUDE_IN_FRAMEWORK_HEADER = YES;
				CLANG_WARN_RANGE_LOOP_ANALYSIS = YES;
				CLANG_WARN_STRICT_PROTOTYPES = YES;
				CLANG_WARN_SUSPICIOUS_MOVE = YES;
				CLANG_WARN_UNGUARDED_AVAILABILITY = YES_AGGRESSIVE;
				CLANG_WARN_UNREACHABLE_CODE = YES;
				CLANG_WARN__DUPLICATE_METHOD_MATCH = YES;
				COPY_PHASE_STRIP = NO;
				DEBUG_INFORMATION_FORMAT = dwarf;
				ENABLE_STRICT_OBJC_MSGSEND = YES;
				ENABLE_TESTABILITY = YES;
				ENABLE_USER_SCRIPT_SANDBOXING = YES;
				EXCLUDED_ARCHS = "";
				GCC_C_LANGUAGE_STANDARD = gnu11;
				GCC_DYNAMIC_NO_PIC = NO;
				GCC_NO_COMMON_BLOCKS = YES;
				GCC_OPTIMIZATION_LEVEL = 0;
				GCC_PREPROCESSOR_DEFINITIONS = (
					"DEBUG=1",
					"$(inherited)",
				);
				GCC_WARN_64_TO_32_BIT_CONVERSION = YES;
				GCC_WARN_ABOUT_RETURN_TYPE = YES_ERROR;
				GCC_WARN_UNDECLARED_SELECTOR = YES;
				GCC_WARN_UNINITIALIZED_AUTOS = YES_AGGRESSIVE;
				GCC_WARN_UNUSED_FUNCTION = YES;
				GCC_WARN_UNUSED_VARIABLE = YES;
				IPHONEOS_DEPLOYMENT_TARGET = 18.0;
				MTL_ENABLE_DEBUG_INFO = INCLUDE_SOURCE;
				MTL_FAST_MATH = YES;
				ONLY_ACTIVE_ARCH = YES;
				SDKROOT = iphoneos;
				SWIFT_ACTIVE_COMPILATION_CONDITIONS = DEBUG;
				SWIFT_OPTIMIZATION_LEVEL = "-Onone";
			};
			name = Debug;
		};
		83E04FAD2A22DF1E009720AB /* Release */ = {
			isa = XCBuildConfiguration;
			buildSettings = {
				ALWAYS_SEARCH_USER_PATHS = NO;
				CLANG_ANALYZER_NONNULL = YES;
				CLANG_ANALYZER_NUMBER_OBJECT_CONVERSION = YES_AGGRESSIVE;
				CLANG_CXX_LANGUAGE_STANDARD = "gnu++20";
				CLANG_ENABLE_MODULES = YES;
				CLANG_ENABLE_OBJC_ARC = YES;
				CLANG_ENABLE_OBJC_WEAK = YES;
				CLANG_WARN_BLOCK_CAPTURE_AUTORELEASING = YES;
				CLANG_WARN_BOOL_CONVERSION = YES;
				CLANG_WARN_COMMA = YES;
				CLANG_WARN_CONSTANT_CONVERSION = YES;
				CLANG_WARN_DEPRECATED_OBJC_IMPLEMENTATIONS = YES;
				CLANG_WARN_DIRECT_OBJC_ISA_USAGE = YES_ERROR;
				CLANG_WARN_DOCUMENTATION_COMMENTS = YES;
				CLANG_WARN_EMPTY_BODY = YES;
				CLANG_WARN_ENUM_CONVERSION = YES;
				CLANG_WARN_INFINITE_RECURSION = YES;
				CLANG_WARN_INT_CONVERSION = YES;
				CLANG_WARN_NON_LITERAL_NULL_CONVERSION = YES;
				CLANG_WARN_OBJC_IMPLICIT_RETAIN_SELF = YES;
				CLANG_WARN_OBJC_LITERAL_CONVERSION = YES;
				CLANG_WARN_OBJC_ROOT_CLASS = YES_ERROR;
				CLANG_WARN_QUOTED_INCLUDE_IN_FRAMEWORK_HEADER = YES;
				CLANG_WARN_RANGE_LOOP_ANALYSIS = YES;
				CLANG_WARN_STRICT_PROTOTYPES = YES;
				CLANG_WARN_SUSPICIOUS_MOVE = YES;
				CLANG_WARN_UNGUARDED_AVAILABILITY = YES_AGGRESSIVE;
				CLANG_WARN_UNREACHABLE_CODE = YES;
				CLANG_WARN__DUPLICATE_METHOD_MATCH = YES;
				COPY_PHASE_STRIP = NO;
				DEBUG_INFORMATION_FORMAT = "dwarf-with-dsym";
				ENABLE_NS_ASSERTIONS = NO;
				ENABLE_STRICT_OBJC_MSGSEND = YES;
				ENABLE_USER_SCRIPT_SANDBOXING = YES;
				GCC_C_LANGUAGE_STANDARD = gnu11;
				GCC_NO_COMMON_BLOCKS = YES;
				GCC_WARN_64_TO_32_BIT_CONVERSION = YES;
				GCC_WARN_ABOUT_RETURN_TYPE = YES_ERROR;
				GCC_WARN_UNDECLARED_SELECTOR = YES;
				GCC_WARN_UNINITIALIZED_AUTOS = YES_AGGRESSIVE;
				GCC_WARN_UNUSED_FUNCTION = YES;
				GCC_WARN_UNUSED_VARIABLE = YES;
				IPHONEOS_DEPLOYMENT_TARGET = 18.0;
				MTL_ENABLE_DEBUG_INFO = NO;
				MTL_FAST_MATH = YES;
				SDKROOT = iphoneos;
				SWIFT_COMPILATION_MODE = wholemodule;
				SWIFT_OPTIMIZATION_LEVEL = "-O";
				VALIDATE_PRODUCT = YES;
			};
			name = Release;
		};
		83E04FAF2A22DF1E009720AB /* Debug */ = {
			isa = XCBuildConfiguration;
			buildSettings = {
				ASSETCATALOG_COMPILER_APPICON_NAME = AppIcon;
				ASSETCATALOG_COMPILER_GLOBAL_ACCENT_COLOR_NAME = AccentColor;
				CODE_SIGN_ENTITLEMENTS = "Tenki Weather.entitlements";
				CODE_SIGN_IDENTITY = "Apple Development";
				CODE_SIGN_STYLE = Automatic;
				CURRENT_PROJECT_VERSION = 41;
				DEVELOPMENT_ASSET_PATHS = "\"Weather/Preview Content\"";
				DEVELOPMENT_TEAM = QNXV57SQKM;
				ENABLE_PREVIEWS = YES;
				EXCLUDED_ARCHS = "";
				GENERATE_INFOPLIST_FILE = YES;
				INFOPLIST_FILE = Weather/Info.plist;
				INFOPLIST_KEY_CFBundleDisplayName = Tenki;
				INFOPLIST_KEY_LSApplicationCategoryType = "public.app-category.weather";
				INFOPLIST_KEY_NSLocationWhenInUseUsageDescription = "We need your location to provide accurate weather data.";
				INFOPLIST_KEY_UIApplicationSceneManifest_Generation = YES;
				INFOPLIST_KEY_UIApplicationSupportsIndirectInputEvents = YES;
				INFOPLIST_KEY_UILaunchScreen_Generation = YES;
				INFOPLIST_KEY_UILaunchStoryboardName = "Launch Screen.storyboard";
				INFOPLIST_KEY_UIRequiresFullScreen = YES;
				INFOPLIST_KEY_UISupportedInterfaceOrientations = UIInterfaceOrientationPortrait;
				INFOPLIST_KEY_UISupportedInterfaceOrientations_iPad = "UIInterfaceOrientationLandscapeLeft UIInterfaceOrientationLandscapeRight UIInterfaceOrientationPortrait UIInterfaceOrientationPortraitUpsideDown";
				IPHONEOS_DEPLOYMENT_TARGET = 18.0;
				LD_RUNPATH_SEARCH_PATHS = (
					"$(inherited)",
					"@executable_path/Frameworks",
				);
				MARKETING_VERSION = 4.12.2;
				ONLY_ACTIVE_ARCH = YES;
				PRODUCT_BUNDLE_IDENTIFIER = com.sannideveloper.tenkiweather;
				PRODUCT_NAME = "Tenki Weather";
				PROVISIONING_PROFILE_SPECIFIER = "";
				SUPPORTED_PLATFORMS = "iphoneos iphonesimulator";
				SUPPORTS_MACCATALYST = NO;
				SUPPORTS_MAC_DESIGNED_FOR_IPHONE_IPAD = YES;
				SUPPORTS_XR_DESIGNED_FOR_IPHONE_IPAD = NO;
				SWIFT_EMIT_LOC_STRINGS = YES;
				SWIFT_VERSION = 5.0;
				TARGETED_DEVICE_FAMILY = "1,2";
			};
			name = Debug;
		};
		83E04FB02A22DF1E009720AB /* Release */ = {
			isa = XCBuildConfiguration;
			buildSettings = {
				ASSETCATALOG_COMPILER_APPICON_NAME = AppIcon;
				ASSETCATALOG_COMPILER_GLOBAL_ACCENT_COLOR_NAME = AccentColor;
				CODE_SIGN_ENTITLEMENTS = "Tenki Weather.entitlements";
				CODE_SIGN_IDENTITY = "Apple Development";
				CODE_SIGN_STYLE = Automatic;
				CURRENT_PROJECT_VERSION = 41;
				DEVELOPMENT_ASSET_PATHS = "\"Weather/Preview Content\"";
				DEVELOPMENT_TEAM = QNXV57SQKM;
				ENABLE_PREVIEWS = YES;
				EXCLUDED_ARCHS = "";
				GENERATE_INFOPLIST_FILE = YES;
				INFOPLIST_FILE = Weather/Info.plist;
				INFOPLIST_KEY_CFBundleDisplayName = Tenki;
				INFOPLIST_KEY_LSApplicationCategoryType = "public.app-category.weather";
				INFOPLIST_KEY_NSLocationWhenInUseUsageDescription = "We need your location to provide accurate weather data.";
				INFOPLIST_KEY_UIApplicationSceneManifest_Generation = YES;
				INFOPLIST_KEY_UIApplicationSupportsIndirectInputEvents = YES;
				INFOPLIST_KEY_UILaunchScreen_Generation = YES;
				INFOPLIST_KEY_UILaunchStoryboardName = "Launch Screen.storyboard";
				INFOPLIST_KEY_UIRequiresFullScreen = YES;
				INFOPLIST_KEY_UISupportedInterfaceOrientations = UIInterfaceOrientationPortrait;
				INFOPLIST_KEY_UISupportedInterfaceOrientations_iPad = "UIInterfaceOrientationLandscapeLeft UIInterfaceOrientationLandscapeRight UIInterfaceOrientationPortrait UIInterfaceOrientationPortraitUpsideDown";
				IPHONEOS_DEPLOYMENT_TARGET = 18.0;
				LD_RUNPATH_SEARCH_PATHS = (
					"$(inherited)",
					"@executable_path/Frameworks",
				);
				MARKETING_VERSION = 4.12.2;
				ONLY_ACTIVE_ARCH = NO;
				PRODUCT_BUNDLE_IDENTIFIER = com.sannideveloper.tenkiweather;
				PRODUCT_NAME = "Tenki Weather";
				PROVISIONING_PROFILE_SPECIFIER = "";
				SUPPORTED_PLATFORMS = "iphoneos iphonesimulator";
				SUPPORTS_MACCATALYST = NO;
				SUPPORTS_MAC_DESIGNED_FOR_IPHONE_IPAD = YES;
				SUPPORTS_XR_DESIGNED_FOR_IPHONE_IPAD = NO;
				SWIFT_EMIT_LOC_STRINGS = YES;
				SWIFT_VERSION = 5.0;
				TARGETED_DEVICE_FAMILY = "1,2";
			};
			name = Release;
		};
/* End XCBuildConfiguration section */

/* Begin XCConfigurationList section */
		83A7E6032DE5C09E00A6C622 /* Build configuration list for PBXNativeTarget "TenkiWeatherTests" */ = {
			isa = XCConfigurationList;
			buildConfigurations = (
				83A7E6012DE5C09E00A6C622 /* Debug */,
				83A7E6022DE5C09E00A6C622 /* Release */,
			);
			defaultConfigurationIsVisible = 0;
			defaultConfigurationName = Release;
		};
		83E04F9B2A22DF1B009720AB /* Build configuration list for PBXProject "Weather" */ = {
			isa = XCConfigurationList;
			buildConfigurations = (
				83E04FAC2A22DF1E009720AB /* Debug */,
				83E04FAD2A22DF1E009720AB /* Release */,
			);
			defaultConfigurationIsVisible = 0;
			defaultConfigurationName = Release;
		};
		83E04FAE2A22DF1E009720AB /* Build configuration list for PBXNativeTarget "Tenki Weather" */ = {
			isa = XCConfigurationList;
			buildConfigurations = (
				83E04FAF2A22DF1E009720AB /* Debug */,
				83E04FB02A22DF1E009720AB /* Release */,
			);
			defaultConfigurationIsVisible = 0;
			defaultConfigurationName = Release;
		};
/* End XCConfigurationList section */

/* Begin XCVersionGroup section */
		83749C5C2BA2B74900480F5F /* Locations.xcdatamodeld */ = {
			isa = XCVersionGroup;
			children = (
				83070FC32E428C0F00112189 /* Locations6.xcdatamodel */,
				8325B3AB2DF086E500EBD840 /* Locations5.xcdatamodel */,
				8375865E2CED6BE3000E2EF9 /* Locations4.xcdatamodel */,
				838F7A382CAAD54B00607451 /* Locations3.xcdatamodel */,
				8345EA402BA5631F00E8EFBD /* Locations2.xcdatamodel */,
				83749C5D2BA2B74900480F5F /* Locations.xcdatamodel */,
			);
			currentVersion = 83070FC32E428C0F00112189 /* Locations6.xcdatamodel */;
			path = Locations.xcdatamodeld;
			sourceTree = "<group>";
			versionGroupType = wrapper.xcdatamodel;
		};
/* End XCVersionGroup section */
	};
	rootObject = 83E04F982A22DF1B009720AB /* Project object */;
}
