// !$*UTF8*$!
{
	archiveVersion = 1;
	classes = {
	};
	objectVersion = 55;
	objects = {

/* Begin PBXBuildFile section */
		830279E22A9A5CE100E3487D /* NetworkMonitor.swift in Sources */ = {isa = PBXBuildFile; fileRef = 830279E12A9A5CE100E3487D /* NetworkMonitor.swift */; };
		8313DE7E2B6129FB0031C5E7 /* HumidityTileView.swift in Sources */ = {isa = PBXBuildFile; fileRef = 8313DE7D2B6129FB0031C5E7 /* HumidityTileView.swift */; };
		8313DE822B6146570031C5E7 /* UVIndexTileView.swift in Sources */ = {isa = PBXBuildFile; fileRef = 8313DE812B6146570031C5E7 /* UVIndexTileView.swift */; };
		8313DE842B61617A0031C5E7 /* VisibilityTileView.swift in Sources */ = {isa = PBXBuildFile; fileRef = 8313DE832B61617A0031C5E7 /* VisibilityTileView.swift */; };
		8313DE862B61A20D0031C5E7 /* PressureTileView.swift in Sources */ = {isa = PBXBuildFile; fileRef = 8313DE852B61A20D0031C5E7 /* PressureTileView.swift */; };
		8313DE882B61B69C0031C5E7 /* TomorrowImmediateWeatherView.swift in Sources */ = {isa = PBXBuildFile; fileRef = 8313DE872B61B69C0031C5E7 /* TomorrowImmediateWeatherView.swift */; };
		8313DE8A2B62699A0031C5E7 /* PrecipitationTileView.swift in Sources */ = {isa = PBXBuildFile; fileRef = 8313DE892B62699A0031C5E7 /* PrecipitationTileView.swift */; };
		8313DE8C2B6289A10031C5E7 /* SavedLocationImageView.swift in Sources */ = {isa = PBXBuildFile; fileRef = 8313DE8B2B6289A10031C5E7 /* SavedLocationImageView.swift */; };
		8313DE8E2B62CCD10031C5E7 /* CurrentLocationView.swift in Sources */ = {isa = PBXBuildFile; fileRef = 8313DE8D2B62CCD10031C5E7 /* CurrentLocationView.swift */; };
		8313DE912B63CD310031C5E7 /* Extenstions.swift in Sources */ = {isa = PBXBuildFile; fileRef = 8313DE902B63CD310031C5E7 /* Extenstions.swift */; };
		8313DE942B63DB890031C5E7 /* TabViews.swift in Sources */ = {isa = PBXBuildFile; fileRef = 8313DE932B63DB890031C5E7 /* TabViews.swift */; };
		834811602A58EAFB008EB616 /* WebView.swift in Sources */ = {isa = PBXBuildFile; fileRef = 8348115F2A58EAFB008EB616 /* WebView.swift */; };
		834E1F782A98C51800DB4DE5 /* WeatherAlertTileView.swift in Sources */ = {isa = PBXBuildFile; fileRef = 834E1F772A98C51800DB4DE5 /* WeatherAlertTileView.swift */; };
		834E1F7A2A98D99000DB4DE5 /* WeatherAlertModel.swift in Sources */ = {isa = PBXBuildFile; fileRef = 834E1F792A98D99000DB4DE5 /* WeatherAlertModel.swift */; };
		8351EDE62A64409F00B6EB87 /* ViewModifiers.swift in Sources */ = {isa = PBXBuildFile; fileRef = 8351EDE52A64409F00B6EB87 /* ViewModifiers.swift */; };
		835EB2F02A5508D400346B21 /* SendMailView.swift in Sources */ = {isa = PBXBuildFile; fileRef = 835EB2EF2A5508D400346B21 /* SendMailView.swift */; };
		835EB2F32A5509CC00346B21 /* SwiftUIMailView in Frameworks */ = {isa = PBXBuildFile; productRef = 835EB2F22A5509CC00346B21 /* SwiftUIMailView */; };
		83731A6A2A2FC2E400D481CA /* DailyWeatherCell.swift in Sources */ = {isa = PBXBuildFile; fileRef = 83731A692A2FC2E400D481CA /* DailyWeatherCell.swift */; };
		83731A6D2A2FD97F00D481CA /* CustomDivider.swift in Sources */ = {isa = PBXBuildFile; fileRef = 83731A6C2A2FD97F00D481CA /* CustomDivider.swift */; };
		83731A712A2FDAA700D481CA /* SearchingScreen.swift in Sources */ = {isa = PBXBuildFile; fileRef = 83731A702A2FDAA700D481CA /* SearchingScreen.swift */; };
		83731A742A2FFC9A00D481CA /* SavedLocationCell.swift in Sources */ = {isa = PBXBuildFile; fileRef = 83731A732A2FFC9A00D481CA /* SavedLocationCell.swift */; };
		83731A762A2FFE4300D481CA /* SavedLocationsView.swift in Sources */ = {isa = PBXBuildFile; fileRef = 83731A752A2FFE4300D481CA /* SavedLocationsView.swift */; };
		837D7DA72B6B07C60031B296 /* HourlyForecastLineGraphView.swift in Sources */ = {isa = PBXBuildFile; fileRef = 837D7DA62B6B07C60031B296 /* HourlyForecastLineGraphView.swift */; };
		837D7DA92B6BF6AF0031B296 /* TileImageProgressView.swift in Sources */ = {isa = PBXBuildFile; fileRef = 837D7DA82B6BF6AF0031B296 /* TileImageProgressView.swift */; };
		837D7DAB2B6D879F0031B296 /* CircularProgressView.swift in Sources */ = {isa = PBXBuildFile; fileRef = 837D7DAA2B6D879F0031B296 /* CircularProgressView.swift */; };
		837D7DAD2B7138160031B296 /* snow.sks in Resources */ = {isa = PBXBuildFile; fileRef = 837D7DAC2B7138160031B296 /* snow.sks */; };
		837D7DB02B7139150031B296 /* SnowScene.swift in Sources */ = {isa = PBXBuildFile; fileRef = 837D7DAF2B7139150031B296 /* SnowScene.swift */; };
		837D7DB32B713C910031B296 /* rain.sks in Resources */ = {isa = PBXBuildFile; fileRef = 837D7DB12B713C910031B296 /* rain.sks */; };
		837D7DB62B713D230031B296 /* RainScene.swift in Sources */ = {isa = PBXBuildFile; fileRef = 837D7DB52B713D230031B296 /* RainScene.swift */; };
		837D7DB82B7154270031B296 /* WeatherParticleEffectView.swift in Sources */ = {isa = PBXBuildFile; fileRef = 837D7DB72B7154270031B296 /* WeatherParticleEffectView.swift */; };
		837D7DBC2B72B0210031B296 /* Enums.swift in Sources */ = {isa = PBXBuildFile; fileRef = 837D7DBB2B72B0210031B296 /* Enums.swift */; };
		838461812A4C9DDC000B8E86 /* SettingsScreenTile.swift in Sources */ = {isa = PBXBuildFile; fileRef = 838461802A4C9DDC000B8E86 /* SettingsScreenTile.swift */; };
		838461832A508E14000B8E86 /* AppStateManager.swift in Sources */ = {isa = PBXBuildFile; fileRef = 838461822A508E13000B8E86 /* AppStateManager.swift */; };
		838FAE0B2B5E4ECC00AAC0C1 /* HourlyForecastTileView.swift in Sources */ = {isa = PBXBuildFile; fileRef = 838FAE0A2B5E4ECC00AAC0C1 /* HourlyForecastTileView.swift */; };
		838FAE0D2B5E753D00AAC0C1 /* ImmediateWeatherDetails.swift in Sources */ = {isa = PBXBuildFile; fileRef = 838FAE0C2B5E753D00AAC0C1 /* ImmediateWeatherDetails.swift */; };
		838FAE152B5FE49C00AAC0C1 /* SunDataTile.swift in Sources */ = {isa = PBXBuildFile; fileRef = 838FAE142B5FE49C00AAC0C1 /* SunDataTile.swift */; };
		8390BF942A8ED0BF00E0B865 /* PlacesViewControllerBridge.swift in Sources */ = {isa = PBXBuildFile; fileRef = 8390BF932A8ED0BF00E0B865 /* PlacesViewControllerBridge.swift */; };
		8390BF962A9356CE00E0B865 /* TermsAndConditionsView.swift in Sources */ = {isa = PBXBuildFile; fileRef = 8390BF952A9356CE00E0B865 /* TermsAndConditionsView.swift */; };
		8390BF9F2A9656F800E0B865 /* Launch Screen.storyboard in Resources */ = {isa = PBXBuildFile; fileRef = 8390BF9E2A9656F800E0B865 /* Launch Screen.storyboard */; };
		839F32EB2A39186C0048EF05 /* WindModel.swift in Sources */ = {isa = PBXBuildFile; fileRef = 839F32EA2A39186C0048EF05 /* WindModel.swift */; };
		839F32EE2A3919510048EF05 /* SunModel.swift in Sources */ = {isa = PBXBuildFile; fileRef = 839F32ED2A3919510048EF05 /* SunModel.swift */; };
		839F32F02A39198C0048EF05 /* HourlyModel.swift in Sources */ = {isa = PBXBuildFile; fileRef = 839F32EF2A39198C0048EF05 /* HourlyModel.swift */; };
		83B5ADC52A310FAB00C3C2F6 /* TodayWeatherModel.swift in Sources */ = {isa = PBXBuildFile; fileRef = 83B5ADC42A310FAB00C3C2F6 /* TodayWeatherModel.swift */; };
		83B760912A6710FF007075E2 /* FullScreenWebView.swift in Sources */ = {isa = PBXBuildFile; fileRef = 83B760902A6710FF007075E2 /* FullScreenWebView.swift */; };
		83B760932A67119C007075E2 /* LabelView.swift in Sources */ = {isa = PBXBuildFile; fileRef = 83B760922A67119C007075E2 /* LabelView.swift */; };
		83C4FFF12A34005F00DEF7F3 /* DailyWeatherModel.swift in Sources */ = {isa = PBXBuildFile; fileRef = 83C4FFF02A34005F00DEF7F3 /* DailyWeatherModel.swift */; };
		83C4FFF92A352E9B00DEF7F3 /* Constants.swift in Sources */ = {isa = PBXBuildFile; fileRef = 83C4FFF82A352E9B00DEF7F3 /* Constants.swift */; };
		83DA72E42A41414200C50C86 /* SavedLocations.xcdatamodeld in Sources */ = {isa = PBXBuildFile; fileRef = 83DA72E22A41414200C50C86 /* SavedLocations.xcdatamodeld */; };
		83DA72E62A41655400C50C86 /* SavedLocationsPersistence.swift in Sources */ = {isa = PBXBuildFile; fileRef = 83DA72E52A41655400C50C86 /* SavedLocationsPersistence.swift */; };
		83DA72E82A419C7C00C50C86 /* WeatherManager.swift in Sources */ = {isa = PBXBuildFile; fileRef = 83DA72E72A419C7C00C50C86 /* WeatherManager.swift */; };
		83DA72EA2A419F9400C50C86 /* WeatherViewModel.swift in Sources */ = {isa = PBXBuildFile; fileRef = 83DA72E92A419F9400C50C86 /* WeatherViewModel.swift */; };
		83E04FA42A22DF1B009720AB /* WeatherApp.swift in Sources */ = {isa = PBXBuildFile; fileRef = 83E04FA32A22DF1B009720AB /* WeatherApp.swift */; };
		83E04FA82A22DF1E009720AB /* Assets.xcassets in Resources */ = {isa = PBXBuildFile; fileRef = 83E04FA72A22DF1E009720AB /* Assets.xcassets */; };
		83E04FAB2A22DF1E009720AB /* Preview Assets.xcassets in Resources */ = {isa = PBXBuildFile; fileRef = 83E04FAA2A22DF1E009720AB /* Preview Assets.xcassets */; };
		83E04FB22A247295009720AB /* TodayScreen.swift in Sources */ = {isa = PBXBuildFile; fileRef = 83E04FB12A247295009720AB /* TodayScreen.swift */; };
		83E04FB42A2472A5009720AB /* TomorrowScreen.swift in Sources */ = {isa = PBXBuildFile; fileRef = 83E04FB32A2472A5009720AB /* TomorrowScreen.swift */; };
		83E04FB62A2472C3009720AB /* MultiDayScreen.swift in Sources */ = {isa = PBXBuildFile; fileRef = 83E04FB52A2472C3009720AB /* MultiDayScreen.swift */; };
		83E04FC02A2555DE009720AB /* WeatherTabSelectionsView.swift in Sources */ = {isa = PBXBuildFile; fileRef = 83E04FBF2A2555DE009720AB /* WeatherTabSelectionsView.swift */; };
		83E04FC22A255FBC009720AB /* MainScreen.swift in Sources */ = {isa = PBXBuildFile; fileRef = 83E04FC12A255FBC009720AB /* MainScreen.swift */; };
		83E04FC42A25655F009720AB /* SearchBar.swift in Sources */ = {isa = PBXBuildFile; fileRef = 83E04FC32A25655F009720AB /* SearchBar.swift */; };
		83E04FCA2A25BE35009720AB /* WeatherGraphView.swift in Sources */ = {isa = PBXBuildFile; fileRef = 83E04FC92A25BE35009720AB /* WeatherGraphView.swift */; };
		83E04FD42A2B2892009720AB /* WindTileView.swift in Sources */ = {isa = PBXBuildFile; fileRef = 83E04FD32A2B2892009720AB /* WindTileView.swift */; };
		83E228522A42C52E00C4ED34 /* CoreLocationViewModel.swift in Sources */ = {isa = PBXBuildFile; fileRef = 83E228512A42C52E00C4ED34 /* CoreLocationViewModel.swift */; };
		83FD51F52B86F03E008F875B /* UnitTemperatureTransformer.swift in Sources */ = {isa = PBXBuildFile; fileRef = 83FD51F42B86F03E008F875B /* UnitTemperatureTransformer.swift */; };
		C19D9DA1ACABA4B0AC8CD510 /* Pods_Tenki_Weather.framework in Frameworks */ = {isa = PBXBuildFile; fileRef = D5FF1A48CD1C52B156C0CE0E /* Pods_Tenki_Weather.framework */; };
/* End PBXBuildFile section */

/* Begin PBXFileReference section */
		451B1D756BE94706A02B180F /* Pods-Tenki Weather.release.xcconfig */ = {isa = PBXFileReference; includeInIndex = 1; lastKnownFileType = text.xcconfig; name = "Pods-Tenki Weather.release.xcconfig"; path = "Target Support Files/Pods-Tenki Weather/Pods-Tenki Weather.release.xcconfig"; sourceTree = "<group>"; };
		830279E12A9A5CE100E3487D /* NetworkMonitor.swift */ = {isa = PBXFileReference; lastKnownFileType = sourcecode.swift; path = NetworkMonitor.swift; sourceTree = "<group>"; };
		8313DE7D2B6129FB0031C5E7 /* HumidityTileView.swift */ = {isa = PBXFileReference; lastKnownFileType = sourcecode.swift; path = HumidityTileView.swift; sourceTree = "<group>"; };
		8313DE812B6146570031C5E7 /* UVIndexTileView.swift */ = {isa = PBXFileReference; lastKnownFileType = sourcecode.swift; path = UVIndexTileView.swift; sourceTree = "<group>"; };
		8313DE832B61617A0031C5E7 /* VisibilityTileView.swift */ = {isa = PBXFileReference; lastKnownFileType = sourcecode.swift; path = VisibilityTileView.swift; sourceTree = "<group>"; };
		8313DE852B61A20D0031C5E7 /* PressureTileView.swift */ = {isa = PBXFileReference; lastKnownFileType = sourcecode.swift; path = PressureTileView.swift; sourceTree = "<group>"; };
		8313DE872B61B69C0031C5E7 /* TomorrowImmediateWeatherView.swift */ = {isa = PBXFileReference; lastKnownFileType = sourcecode.swift; path = TomorrowImmediateWeatherView.swift; sourceTree = "<group>"; };
		8313DE892B62699A0031C5E7 /* PrecipitationTileView.swift */ = {isa = PBXFileReference; lastKnownFileType = sourcecode.swift; path = PrecipitationTileView.swift; sourceTree = "<group>"; };
		8313DE8B2B6289A10031C5E7 /* SavedLocationImageView.swift */ = {isa = PBXFileReference; lastKnownFileType = sourcecode.swift; path = SavedLocationImageView.swift; sourceTree = "<group>"; };
		8313DE8D2B62CCD10031C5E7 /* CurrentLocationView.swift */ = {isa = PBXFileReference; lastKnownFileType = sourcecode.swift; path = CurrentLocationView.swift; sourceTree = "<group>"; };
		8313DE902B63CD310031C5E7 /* Extenstions.swift */ = {isa = PBXFileReference; lastKnownFileType = sourcecode.swift; path = Extenstions.swift; sourceTree = "<group>"; };
		8313DE932B63DB890031C5E7 /* TabViews.swift */ = {isa = PBXFileReference; lastKnownFileType = sourcecode.swift; path = TabViews.swift; sourceTree = "<group>"; };
		83146D5D2A5B94C5000631D2 /* Tenki Weather.entitlements */ = {isa = PBXFileReference; lastKnownFileType = text.plist.entitlements; path = "Tenki Weather.entitlements"; sourceTree = "<group>"; };
		8348115F2A58EAFB008EB616 /* WebView.swift */ = {isa = PBXFileReference; fileEncoding = 4; lastKnownFileType = sourcecode.swift; path = WebView.swift; sourceTree = "<group>"; };
		834E1F772A98C51800DB4DE5 /* WeatherAlertTileView.swift */ = {isa = PBXFileReference; lastKnownFileType = sourcecode.swift; path = WeatherAlertTileView.swift; sourceTree = "<group>"; };
		834E1F792A98D99000DB4DE5 /* WeatherAlertModel.swift */ = {isa = PBXFileReference; lastKnownFileType = sourcecode.swift; path = WeatherAlertModel.swift; sourceTree = "<group>"; };
		8351EDE52A64409F00B6EB87 /* ViewModifiers.swift */ = {isa = PBXFileReference; lastKnownFileType = sourcecode.swift; path = ViewModifiers.swift; sourceTree = "<group>"; };
		835EB2EF2A5508D400346B21 /* SendMailView.swift */ = {isa = PBXFileReference; fileEncoding = 4; lastKnownFileType = sourcecode.swift; path = SendMailView.swift; sourceTree = "<group>"; };
		83731A692A2FC2E400D481CA /* DailyWeatherCell.swift */ = {isa = PBXFileReference; lastKnownFileType = sourcecode.swift; path = DailyWeatherCell.swift; sourceTree = "<group>"; };
		83731A6C2A2FD97F00D481CA /* CustomDivider.swift */ = {isa = PBXFileReference; lastKnownFileType = sourcecode.swift; path = CustomDivider.swift; sourceTree = "<group>"; };
		83731A702A2FDAA700D481CA /* SearchingScreen.swift */ = {isa = PBXFileReference; lastKnownFileType = sourcecode.swift; path = SearchingScreen.swift; sourceTree = "<group>"; };
		83731A732A2FFC9A00D481CA /* SavedLocationCell.swift */ = {isa = PBXFileReference; lastKnownFileType = sourcecode.swift; path = SavedLocationCell.swift; sourceTree = "<group>"; };
		83731A752A2FFE4300D481CA /* SavedLocationsView.swift */ = {isa = PBXFileReference; lastKnownFileType = sourcecode.swift; path = SavedLocationsView.swift; sourceTree = "<group>"; };
		837D7DA62B6B07C60031B296 /* HourlyForecastLineGraphView.swift */ = {isa = PBXFileReference; lastKnownFileType = sourcecode.swift; path = HourlyForecastLineGraphView.swift; sourceTree = "<group>"; };
		837D7DA82B6BF6AF0031B296 /* TileImageProgressView.swift */ = {isa = PBXFileReference; lastKnownFileType = sourcecode.swift; path = TileImageProgressView.swift; sourceTree = "<group>"; };
		837D7DAA2B6D879F0031B296 /* CircularProgressView.swift */ = {isa = PBXFileReference; lastKnownFileType = sourcecode.swift; path = CircularProgressView.swift; sourceTree = "<group>"; };
		837D7DAC2B7138160031B296 /* snow.sks */ = {isa = PBXFileReference; lastKnownFileType = file.sks; path = snow.sks; sourceTree = "<group>"; };
		837D7DAF2B7139150031B296 /* SnowScene.swift */ = {isa = PBXFileReference; lastKnownFileType = sourcecode.swift; path = SnowScene.swift; sourceTree = "<group>"; };
		837D7DB12B713C910031B296 /* rain.sks */ = {isa = PBXFileReference; lastKnownFileType = file.sks; path = rain.sks; sourceTree = "<group>"; };
		837D7DB52B713D230031B296 /* RainScene.swift */ = {isa = PBXFileReference; lastKnownFileType = sourcecode.swift; path = RainScene.swift; sourceTree = "<group>"; };
		837D7DB72B7154270031B296 /* WeatherParticleEffectView.swift */ = {isa = PBXFileReference; lastKnownFileType = sourcecode.swift; path = WeatherParticleEffectView.swift; sourceTree = "<group>"; };
		837D7DBB2B72B0210031B296 /* Enums.swift */ = {isa = PBXFileReference; lastKnownFileType = sourcecode.swift; path = Enums.swift; sourceTree = "<group>"; };
		838461802A4C9DDC000B8E86 /* SettingsScreenTile.swift */ = {isa = PBXFileReference; lastKnownFileType = sourcecode.swift; path = SettingsScreenTile.swift; sourceTree = "<group>"; };
		838461822A508E13000B8E86 /* AppStateManager.swift */ = {isa = PBXFileReference; lastKnownFileType = sourcecode.swift; path = AppStateManager.swift; sourceTree = "<group>"; };
		838FAE0A2B5E4ECC00AAC0C1 /* HourlyForecastTileView.swift */ = {isa = PBXFileReference; lastKnownFileType = sourcecode.swift; path = HourlyForecastTileView.swift; sourceTree = "<group>"; };
		838FAE0C2B5E753D00AAC0C1 /* ImmediateWeatherDetails.swift */ = {isa = PBXFileReference; lastKnownFileType = sourcecode.swift; path = ImmediateWeatherDetails.swift; sourceTree = "<group>"; };
		838FAE142B5FE49C00AAC0C1 /* SunDataTile.swift */ = {isa = PBXFileReference; lastKnownFileType = sourcecode.swift; path = SunDataTile.swift; sourceTree = "<group>"; };
		8390BF932A8ED0BF00E0B865 /* PlacesViewControllerBridge.swift */ = {isa = PBXFileReference; lastKnownFileType = sourcecode.swift; path = PlacesViewControllerBridge.swift; sourceTree = "<group>"; };
		8390BF952A9356CE00E0B865 /* TermsAndConditionsView.swift */ = {isa = PBXFileReference; lastKnownFileType = sourcecode.swift; path = TermsAndConditionsView.swift; sourceTree = "<group>"; };
		8390BF9E2A9656F800E0B865 /* Launch Screen.storyboard */ = {isa = PBXFileReference; lastKnownFileType = file.storyboard; path = "Launch Screen.storyboard"; sourceTree = "<group>"; };
		839F32EA2A39186C0048EF05 /* WindModel.swift */ = {isa = PBXFileReference; lastKnownFileType = sourcecode.swift; path = WindModel.swift; sourceTree = "<group>"; };
		839F32ED2A3919510048EF05 /* SunModel.swift */ = {isa = PBXFileReference; lastKnownFileType = sourcecode.swift; path = SunModel.swift; sourceTree = "<group>"; };
		839F32EF2A39198C0048EF05 /* HourlyModel.swift */ = {isa = PBXFileReference; lastKnownFileType = sourcecode.swift; path = HourlyModel.swift; sourceTree = "<group>"; };
		839F32F72A3BD62C0048EF05 /* Info.plist */ = {isa = PBXFileReference; lastKnownFileType = text.plist; path = Info.plist; sourceTree = "<group>"; };
		83B5ADC42A310FAB00C3C2F6 /* TodayWeatherModel.swift */ = {isa = PBXFileReference; lastKnownFileType = sourcecode.swift; path = TodayWeatherModel.swift; sourceTree = "<group>"; };
		83B760902A6710FF007075E2 /* FullScreenWebView.swift */ = {isa = PBXFileReference; lastKnownFileType = sourcecode.swift; path = FullScreenWebView.swift; sourceTree = "<group>"; };
		83B760922A67119C007075E2 /* LabelView.swift */ = {isa = PBXFileReference; lastKnownFileType = sourcecode.swift; path = LabelView.swift; sourceTree = "<group>"; };
		83C4FFF02A34005F00DEF7F3 /* DailyWeatherModel.swift */ = {isa = PBXFileReference; lastKnownFileType = sourcecode.swift; path = DailyWeatherModel.swift; sourceTree = "<group>"; };
		83C4FFF82A352E9B00DEF7F3 /* Constants.swift */ = {isa = PBXFileReference; lastKnownFileType = sourcecode.swift; path = Constants.swift; sourceTree = "<group>"; };
		83DA72E32A41414200C50C86 /* SavedLocations.xcdatamodel */ = {isa = PBXFileReference; lastKnownFileType = wrapper.xcdatamodel; path = SavedLocations.xcdatamodel; sourceTree = "<group>"; };
		83DA72E52A41655400C50C86 /* SavedLocationsPersistence.swift */ = {isa = PBXFileReference; lastKnownFileType = sourcecode.swift; path = SavedLocationsPersistence.swift; sourceTree = "<group>"; };
		83DA72E72A419C7C00C50C86 /* WeatherManager.swift */ = {isa = PBXFileReference; lastKnownFileType = sourcecode.swift; path = WeatherManager.swift; sourceTree = "<group>"; };
		83DA72E92A419F9400C50C86 /* WeatherViewModel.swift */ = {isa = PBXFileReference; lastKnownFileType = sourcecode.swift; path = WeatherViewModel.swift; sourceTree = "<group>"; };
		83E04FA02A22DF1B009720AB /* Tenki Weather.app */ = {isa = PBXFileReference; explicitFileType = wrapper.application; includeInIndex = 0; path = "Tenki Weather.app"; sourceTree = BUILT_PRODUCTS_DIR; };
		83E04FA32A22DF1B009720AB /* WeatherApp.swift */ = {isa = PBXFileReference; lastKnownFileType = sourcecode.swift; path = WeatherApp.swift; sourceTree = "<group>"; };
		83E04FA72A22DF1E009720AB /* Assets.xcassets */ = {isa = PBXFileReference; lastKnownFileType = folder.assetcatalog; path = Assets.xcassets; sourceTree = "<group>"; };
		83E04FAA2A22DF1E009720AB /* Preview Assets.xcassets */ = {isa = PBXFileReference; lastKnownFileType = folder.assetcatalog; path = "Preview Assets.xcassets"; sourceTree = "<group>"; };
		83E04FB12A247295009720AB /* TodayScreen.swift */ = {isa = PBXFileReference; lastKnownFileType = sourcecode.swift; path = TodayScreen.swift; sourceTree = "<group>"; };
		83E04FB32A2472A5009720AB /* TomorrowScreen.swift */ = {isa = PBXFileReference; lastKnownFileType = sourcecode.swift; path = TomorrowScreen.swift; sourceTree = "<group>"; };
		83E04FB52A2472C3009720AB /* MultiDayScreen.swift */ = {isa = PBXFileReference; lastKnownFileType = sourcecode.swift; path = MultiDayScreen.swift; sourceTree = "<group>"; };
		83E04FBF2A2555DE009720AB /* WeatherTabSelectionsView.swift */ = {isa = PBXFileReference; lastKnownFileType = sourcecode.swift; path = WeatherTabSelectionsView.swift; sourceTree = "<group>"; };
		83E04FC12A255FBC009720AB /* MainScreen.swift */ = {isa = PBXFileReference; lastKnownFileType = sourcecode.swift; path = MainScreen.swift; sourceTree = "<group>"; };
		83E04FC32A25655F009720AB /* SearchBar.swift */ = {isa = PBXFileReference; lastKnownFileType = sourcecode.swift; path = SearchBar.swift; sourceTree = "<group>"; };
		83E04FC92A25BE35009720AB /* WeatherGraphView.swift */ = {isa = PBXFileReference; lastKnownFileType = sourcecode.swift; path = WeatherGraphView.swift; sourceTree = "<group>"; };
		83E04FD32A2B2892009720AB /* WindTileView.swift */ = {isa = PBXFileReference; lastKnownFileType = sourcecode.swift; path = WindTileView.swift; sourceTree = "<group>"; };
		83E228512A42C52E00C4ED34 /* CoreLocationViewModel.swift */ = {isa = PBXFileReference; lastKnownFileType = sourcecode.swift; path = CoreLocationViewModel.swift; sourceTree = "<group>"; };
		83FD51F42B86F03E008F875B /* UnitTemperatureTransformer.swift */ = {isa = PBXFileReference; lastKnownFileType = sourcecode.swift; path = UnitTemperatureTransformer.swift; sourceTree = "<group>"; };
		A005004E4DBD0E8B6774DFA2 /* Pods-Tenki Weather.debug.xcconfig */ = {isa = PBXFileReference; includeInIndex = 1; lastKnownFileType = text.xcconfig; name = "Pods-Tenki Weather.debug.xcconfig"; path = "Target Support Files/Pods-Tenki Weather/Pods-Tenki Weather.debug.xcconfig"; sourceTree = "<group>"; };
		D5FF1A48CD1C52B156C0CE0E /* Pods_Tenki_Weather.framework */ = {isa = PBXFileReference; explicitFileType = wrapper.framework; includeInIndex = 0; path = Pods_Tenki_Weather.framework; sourceTree = BUILT_PRODUCTS_DIR; };
/* End PBXFileReference section */

/* Begin PBXFrameworksBuildPhase section */
		83E04F9D2A22DF1B009720AB /* Frameworks */ = {
			isa = PBXFrameworksBuildPhase;
			buildActionMask = 2147483647;
			files = (
				835EB2F32A5509CC00346B21 /* SwiftUIMailView in Frameworks */,
				C19D9DA1ACABA4B0AC8CD510 /* Pods_Tenki_Weather.framework in Frameworks */,
			);
			runOnlyForDeploymentPostprocessing = 0;
		};
/* End PBXFrameworksBuildPhase section */

/* Begin PBXGroup section */
		42153E690532CE7A0ADF9022 /* Frameworks */ = {
			isa = PBXGroup;
			children = (
				D5FF1A48CD1C52B156C0CE0E /* Pods_Tenki_Weather.framework */,
			);
			name = Frameworks;
			sourceTree = "<group>";
		};
		830279DE2A98E80000E3487D /* WebViews */ = {
			isa = PBXGroup;
			children = (
				83B760902A6710FF007075E2 /* FullScreenWebView.swift */,
				8348115F2A58EAFB008EB616 /* WebView.swift */,
			);
			path = WebViews;
			sourceTree = "<group>";
		};
		8313DE922B63DB250031C5E7 /* MainScreenViews */ = {
			isa = PBXGroup;
			children = (
				83E04FC12A255FBC009720AB /* MainScreen.swift */,
				83E04FC32A25655F009720AB /* SearchBar.swift */,
				83E04FBF2A2555DE009720AB /* WeatherTabSelectionsView.swift */,
				8313DE932B63DB890031C5E7 /* TabViews.swift */,
			);
			path = MainScreenViews;
			sourceTree = "<group>";
		};
		834E1F762A98C49C00DB4DE5 /* Graphs */ = {
			isa = PBXGroup;
			children = (
				83E04FC92A25BE35009720AB /* WeatherGraphView.swift */,
				837D7DA62B6B07C60031B296 /* HourlyForecastLineGraphView.swift */,
			);
			path = Graphs;
			sourceTree = "<group>";
		};
		83731A6B2A2FD91E00D481CA /* Subviews */ = {
			isa = PBXGroup;
			children = (
				837D7DB72B7154270031B296 /* WeatherParticleEffectView.swift */,
				838FAE162B6084A200AAC0C1 /* Tile Views */,
				837D7DA82B6BF6AF0031B296 /* TileImageProgressView.swift */,
				837D7DAA2B6D879F0031B296 /* CircularProgressView.swift */,
				834E1F762A98C49C00DB4DE5 /* Graphs */,
				830279DE2A98E80000E3487D /* WebViews */,
				83B760922A67119C007075E2 /* LabelView.swift */,
				835EB2EF2A5508D400346B21 /* SendMailView.swift */,
				8390BF932A8ED0BF00E0B865 /* PlacesViewControllerBridge.swift */,
				8390BF952A9356CE00E0B865 /* TermsAndConditionsView.swift */,
				83731A6C2A2FD97F00D481CA /* CustomDivider.swift */,
			);
			path = Subviews;
			sourceTree = "<group>";
		};
		83731A6F2A2FD9F300D481CA /* Views */ = {
			isa = PBXGroup;
			children = (
				8313DE922B63DB250031C5E7 /* MainScreenViews */,
				83731A722A2FFC5F00D481CA /* SearchingScreenViews */,
				83E04FC62A25A920009720AB /* TodayScreenViews */,
				83E04FC72A25A944009720AB /* TomorrowScreenViews */,
				83E04FC82A25A957009720AB /* MultiDayScreenViews */,
				83731A6B2A2FD91E00D481CA /* Subviews */,
			);
			path = Views;
			sourceTree = "<group>";
		};
		83731A722A2FFC5F00D481CA /* SearchingScreenViews */ = {
			isa = PBXGroup;
			children = (
				83731A702A2FDAA700D481CA /* SearchingScreen.swift */,
				8313DE8D2B62CCD10031C5E7 /* CurrentLocationView.swift */,
				83731A752A2FFE4300D481CA /* SavedLocationsView.swift */,
				83731A732A2FFC9A00D481CA /* SavedLocationCell.swift */,
				8313DE8B2B6289A10031C5E7 /* SavedLocationImageView.swift */,
			);
			path = SearchingScreenViews;
			sourceTree = "<group>";
		};
		837D7DAE2B7139040031B296 /* SpriteKit */ = {
			isa = PBXGroup;
			children = (
				837D7DAC2B7138160031B296 /* snow.sks */,
				837D7DAF2B7139150031B296 /* SnowScene.swift */,
				837D7DB12B713C910031B296 /* rain.sks */,
				837D7DB52B713D230031B296 /* RainScene.swift */,
			);
			path = SpriteKit;
			sourceTree = "<group>";
		};
		838FAE162B6084A200AAC0C1 /* Tile Views */ = {
			isa = PBXGroup;
			children = (
				834E1F772A98C51800DB4DE5 /* WeatherAlertTileView.swift */,
				838FAE0A2B5E4ECC00AAC0C1 /* HourlyForecastTileView.swift */,
				8313DE7D2B6129FB0031C5E7 /* HumidityTileView.swift */,
				8313DE812B6146570031C5E7 /* UVIndexTileView.swift */,
				8313DE832B61617A0031C5E7 /* VisibilityTileView.swift */,
				8313DE852B61A20D0031C5E7 /* PressureTileView.swift */,
				83E04FD32A2B2892009720AB /* WindTileView.swift */,
				838FAE142B5FE49C00AAC0C1 /* SunDataTile.swift */,
				8313DE892B62699A0031C5E7 /* PrecipitationTileView.swift */,
				838461802A4C9DDC000B8E86 /* SettingsScreenTile.swift */,
			);
			path = "Tile Views";
			sourceTree = "<group>";
		};
		839F32EC2A3918FD0048EF05 /* Models */ = {
			isa = PBXGroup;
			children = (
				83DA72E72A419C7C00C50C86 /* WeatherManager.swift */,
				83B5ADC42A310FAB00C3C2F6 /* TodayWeatherModel.swift */,
				83C4FFF02A34005F00DEF7F3 /* DailyWeatherModel.swift */,
				83DA72E52A41655400C50C86 /* SavedLocationsPersistence.swift */,
				83FD51F42B86F03E008F875B /* UnitTemperatureTransformer.swift */,
				83DA72E22A41414200C50C86 /* SavedLocations.xcdatamodeld */,
				839F32F32A3919D70048EF05 /* Sub Models */,
			);
			path = Models;
			sourceTree = "<group>";
		};
		839F32F32A3919D70048EF05 /* Sub Models */ = {
			isa = PBXGroup;
			children = (
				839F32EF2A39198C0048EF05 /* HourlyModel.swift */,
				839F32EA2A39186C0048EF05 /* WindModel.swift */,
				839F32ED2A3919510048EF05 /* SunModel.swift */,
				834E1F792A98D99000DB4DE5 /* WeatherAlertModel.swift */,
			);
			path = "Sub Models";
			sourceTree = "<group>";
		};
		83DA72DA2A3FC12800C50C86 /* ViewModels */ = {
			isa = PBXGroup;
			children = (
				83DA72E92A419F9400C50C86 /* WeatherViewModel.swift */,
				83E228512A42C52E00C4ED34 /* CoreLocationViewModel.swift */,
				838461822A508E13000B8E86 /* AppStateManager.swift */,
				830279E12A9A5CE100E3487D /* NetworkMonitor.swift */,
			);
			path = ViewModels;
			sourceTree = "<group>";
		};
		83DA72DB2A3FC13500C50C86 /* Utils */ = {
			isa = PBXGroup;
			children = (
				8351EDE52A64409F00B6EB87 /* ViewModifiers.swift */,
				83C4FFF82A352E9B00DEF7F3 /* Constants.swift */,
				8313DE902B63CD310031C5E7 /* Extenstions.swift */,
				837D7DBB2B72B0210031B296 /* Enums.swift */,
			);
			path = Utils;
			sourceTree = "<group>";
		};
		83E04F972A22DF1B009720AB = {
			isa = PBXGroup;
			children = (
				83146D5D2A5B94C5000631D2 /* Tenki Weather.entitlements */,
				83E04FA22A22DF1B009720AB /* Weather */,
				83E04FA12A22DF1B009720AB /* Products */,
				E0E7814CA5C8B1CCA8C1255C /* Pods */,
				42153E690532CE7A0ADF9022 /* Frameworks */,
			);
			sourceTree = "<group>";
		};
		83E04FA12A22DF1B009720AB /* Products */ = {
			isa = PBXGroup;
			children = (
				83E04FA02A22DF1B009720AB /* Tenki Weather.app */,
			);
			name = Products;
			sourceTree = "<group>";
		};
		83E04FA22A22DF1B009720AB /* Weather */ = {
			isa = PBXGroup;
			children = (
				837D7DAE2B7139040031B296 /* SpriteKit */,
				839F32F72A3BD62C0048EF05 /* Info.plist */,
				83E04FA32A22DF1B009720AB /* WeatherApp.swift */,
				8390BF9E2A9656F800E0B865 /* Launch Screen.storyboard */,
				839F32EC2A3918FD0048EF05 /* Models */,
				83731A6F2A2FD9F300D481CA /* Views */,
				83DA72DA2A3FC12800C50C86 /* ViewModels */,
				83DA72DB2A3FC13500C50C86 /* Utils */,
				83E04FA72A22DF1E009720AB /* Assets.xcassets */,
				83E04FA92A22DF1E009720AB /* Preview Content */,
			);
			path = Weather;
			sourceTree = "<group>";
		};
		83E04FA92A22DF1E009720AB /* Preview Content */ = {
			isa = PBXGroup;
			children = (
				83E04FAA2A22DF1E009720AB /* Preview Assets.xcassets */,
			);
			path = "Preview Content";
			sourceTree = "<group>";
		};
		83E04FC62A25A920009720AB /* TodayScreenViews */ = {
			isa = PBXGroup;
			children = (
				83E04FB12A247295009720AB /* TodayScreen.swift */,
				838FAE0C2B5E753D00AAC0C1 /* ImmediateWeatherDetails.swift */,
			);
			path = TodayScreenViews;
			sourceTree = "<group>";
		};
		83E04FC72A25A944009720AB /* TomorrowScreenViews */ = {
			isa = PBXGroup;
			children = (
				83E04FB32A2472A5009720AB /* TomorrowScreen.swift */,
				8313DE872B61B69C0031C5E7 /* TomorrowImmediateWeatherView.swift */,
			);
			path = TomorrowScreenViews;
			sourceTree = "<group>";
		};
		83E04FC82A25A957009720AB /* MultiDayScreenViews */ = {
			isa = PBXGroup;
			children = (
				83E04FB52A2472C3009720AB /* MultiDayScreen.swift */,
				83731A692A2FC2E400D481CA /* DailyWeatherCell.swift */,
			);
			path = MultiDayScreenViews;
			sourceTree = "<group>";
		};
		E0E7814CA5C8B1CCA8C1255C /* Pods */ = {
			isa = PBXGroup;
			children = (
				A005004E4DBD0E8B6774DFA2 /* Pods-Tenki Weather.debug.xcconfig */,
				451B1D756BE94706A02B180F /* Pods-Tenki Weather.release.xcconfig */,
			);
			path = Pods;
			sourceTree = "<group>";
		};
/* End PBXGroup section */

/* Begin PBXNativeTarget section */
		83E04F9F2A22DF1B009720AB /* Tenki Weather */ = {
			isa = PBXNativeTarget;
			buildConfigurationList = 83E04FAE2A22DF1E009720AB /* Build configuration list for PBXNativeTarget "Tenki Weather" */;
			buildPhases = (
				4347BBD862282172C989F511 /* [CP] Check Pods Manifest.lock */,
				83E04F9C2A22DF1B009720AB /* Sources */,
				83E04F9D2A22DF1B009720AB /* Frameworks */,
				83E04F9E2A22DF1B009720AB /* Resources */,
				291046639E5E8843A5A70FDD /* [CP] Copy Pods Resources */,
			);
			buildRules = (
			);
			dependencies = (
			);
			name = "Tenki Weather";
			packageProductDependencies = (
				835EB2F22A5509CC00346B21 /* SwiftUIMailView */,
			);
			productName = Weather;
			productReference = 83E04FA02A22DF1B009720AB /* Tenki Weather.app */;
			productType = "com.apple.product-type.application";
		};
/* End PBXNativeTarget section */

/* Begin PBXProject section */
		83E04F982A22DF1B009720AB /* Project object */ = {
			isa = PBXProject;
			attributes = {
				BuildIndependentTargetsInParallel = 1;
				LastSwiftUpdateCheck = 1430;
				LastUpgradeCheck = 1510;
				TargetAttributes = {
					83E04F9F2A22DF1B009720AB = {
						CreatedOnToolsVersion = 14.3;
					};
				};
			};
			buildConfigurationList = 83E04F9B2A22DF1B009720AB /* Build configuration list for PBXProject "Weather" */;
			compatibilityVersion = "Xcode 13.0";
			developmentRegion = en;
			hasScannedForEncodings = 0;
			knownRegions = (
				en,
				Base,
			);
			mainGroup = 83E04F972A22DF1B009720AB;
			packageReferences = (
				835EB2F12A5509CC00346B21 /* XCRemoteSwiftPackageReference "swiftui-mail-view" */,
			);
			productRefGroup = 83E04FA12A22DF1B009720AB /* Products */;
			projectDirPath = "";
			projectRoot = "";
			targets = (
				83E04F9F2A22DF1B009720AB /* Tenki Weather */,
			);
		};
/* End PBXProject section */

/* Begin PBXResourcesBuildPhase section */
		83E04F9E2A22DF1B009720AB /* Resources */ = {
			isa = PBXResourcesBuildPhase;
			buildActionMask = 2147483647;
			files = (
				8390BF9F2A9656F800E0B865 /* Launch Screen.storyboard in Resources */,
				83E04FAB2A22DF1E009720AB /* Preview Assets.xcassets in Resources */,
				837D7DB32B713C910031B296 /* rain.sks in Resources */,
				837D7DAD2B7138160031B296 /* snow.sks in Resources */,
				83E04FA82A22DF1E009720AB /* Assets.xcassets in Resources */,
			);
			runOnlyForDeploymentPostprocessing = 0;
		};
/* End PBXResourcesBuildPhase section */

/* Begin PBXShellScriptBuildPhase section */
		291046639E5E8843A5A70FDD /* [CP] Copy Pods Resources */ = {
			isa = PBXShellScriptBuildPhase;
			buildActionMask = 2147483647;
			files = (
			);
			inputFileListPaths = (
				"${PODS_ROOT}/Target Support Files/Pods-Tenki Weather/Pods-Tenki Weather-resources-${CONFIGURATION}-input-files.xcfilelist",
			);
			name = "[CP] Copy Pods Resources";
			outputFileListPaths = (
				"${PODS_ROOT}/Target Support Files/Pods-Tenki Weather/Pods-Tenki Weather-resources-${CONFIGURATION}-output-files.xcfilelist",
			);
			runOnlyForDeploymentPostprocessing = 0;
			shellPath = /bin/sh;
			shellScript = "\"${PODS_ROOT}/Target Support Files/Pods-Tenki Weather/Pods-Tenki Weather-resources.sh\"\n";
			showEnvVarsInLog = 0;
		};
		4347BBD862282172C989F511 /* [CP] Check Pods Manifest.lock */ = {
			isa = PBXShellScriptBuildPhase;
			buildActionMask = 2147483647;
			files = (
			);
			inputFileListPaths = (
			);
			inputPaths = (
				"${PODS_PODFILE_DIR_PATH}/Podfile.lock",
				"${PODS_ROOT}/Manifest.lock",
			);
			name = "[CP] Check Pods Manifest.lock";
			outputFileListPaths = (
			);
			outputPaths = (
				"$(DERIVED_FILE_DIR)/Pods-Tenki Weather-checkManifestLockResult.txt",
			);
			runOnlyForDeploymentPostprocessing = 0;
			shellPath = /bin/sh;
			shellScript = "diff \"${PODS_PODFILE_DIR_PATH}/Podfile.lock\" \"${PODS_ROOT}/Manifest.lock\" > /dev/null\nif [ $? != 0 ] ; then\n    # print error to STDERR\n    echo \"error: The sandbox is not in sync with the Podfile.lock. Run 'pod install' or update your CocoaPods installation.\" >&2\n    exit 1\nfi\n# This output is used by Xcode 'outputs' to avoid re-running this script phase.\necho \"SUCCESS\" > \"${SCRIPT_OUTPUT_FILE_0}\"\n";
			showEnvVarsInLog = 0;
		};
/* End PBXShellScriptBuildPhase section */

/* Begin PBXSourcesBuildPhase section */
		83E04F9C2A22DF1B009720AB /* Sources */ = {
			isa = PBXSourcesBuildPhase;
			buildActionMask = 2147483647;
			files = (
				838FAE0B2B5E4ECC00AAC0C1 /* HourlyForecastTileView.swift in Sources */,
				839F32F02A39198C0048EF05 /* HourlyModel.swift in Sources */,
				8313DE8A2B62699A0031C5E7 /* PrecipitationTileView.swift in Sources */,
				83DA72EA2A419F9400C50C86 /* WeatherViewModel.swift in Sources */,
				83DA72E42A41414200C50C86 /* SavedLocations.xcdatamodeld in Sources */,
				83E04FD42A2B2892009720AB /* WindTileView.swift in Sources */,
				8313DE912B63CD310031C5E7 /* Extenstions.swift in Sources */,
				835EB2F02A5508D400346B21 /* SendMailView.swift in Sources */,
				839F32EE2A3919510048EF05 /* SunModel.swift in Sources */,
				8313DE882B61B69C0031C5E7 /* TomorrowImmediateWeatherView.swift in Sources */,
				8313DE8E2B62CCD10031C5E7 /* CurrentLocationView.swift in Sources */,
				83C4FFF92A352E9B00DEF7F3 /* Constants.swift in Sources */,
				838461812A4C9DDC000B8E86 /* SettingsScreenTile.swift in Sources */,
				83C4FFF12A34005F00DEF7F3 /* DailyWeatherModel.swift in Sources */,
				8313DE842B61617A0031C5E7 /* VisibilityTileView.swift in Sources */,
				83E04FC22A255FBC009720AB /* MainScreen.swift in Sources */,
				83731A6A2A2FC2E400D481CA /* DailyWeatherCell.swift in Sources */,
				83E04FB42A2472A5009720AB /* TomorrowScreen.swift in Sources */,
				83E228522A42C52E00C4ED34 /* CoreLocationViewModel.swift in Sources */,
				83731A712A2FDAA700D481CA /* SearchingScreen.swift in Sources */,
				837D7DB62B713D230031B296 /* RainScene.swift in Sources */,
				8390BF942A8ED0BF00E0B865 /* PlacesViewControllerBridge.swift in Sources */,
				83731A6D2A2FD97F00D481CA /* CustomDivider.swift in Sources */,
				83731A742A2FFC9A00D481CA /* SavedLocationCell.swift in Sources */,
				838FAE0D2B5E753D00AAC0C1 /* ImmediateWeatherDetails.swift in Sources */,
				837D7DBC2B72B0210031B296 /* Enums.swift in Sources */,
				83E04FB22A247295009720AB /* TodayScreen.swift in Sources */,
				837D7DA72B6B07C60031B296 /* HourlyForecastLineGraphView.swift in Sources */,
				83DA72E82A419C7C00C50C86 /* WeatherManager.swift in Sources */,
				83E04FCA2A25BE35009720AB /* WeatherGraphView.swift in Sources */,
				839F32EB2A39186C0048EF05 /* WindModel.swift in Sources */,
				838461832A508E14000B8E86 /* AppStateManager.swift in Sources */,
				8390BF962A9356CE00E0B865 /* TermsAndConditionsView.swift in Sources */,
				83B5ADC52A310FAB00C3C2F6 /* TodayWeatherModel.swift in Sources */,
				8313DE8C2B6289A10031C5E7 /* SavedLocationImageView.swift in Sources */,
				83731A762A2FFE4300D481CA /* SavedLocationsView.swift in Sources */,
				834E1F7A2A98D99000DB4DE5 /* WeatherAlertModel.swift in Sources */,
				8351EDE62A64409F00B6EB87 /* ViewModifiers.swift in Sources */,
				837D7DB02B7139150031B296 /* SnowScene.swift in Sources */,
				830279E22A9A5CE100E3487D /* NetworkMonitor.swift in Sources */,
				834E1F782A98C51800DB4DE5 /* WeatherAlertTileView.swift in Sources */,
				83E04FC42A25655F009720AB /* SearchBar.swift in Sources */,
				83B760912A6710FF007075E2 /* FullScreenWebView.swift in Sources */,
				837D7DAB2B6D879F0031B296 /* CircularProgressView.swift in Sources */,
				83E04FC02A2555DE009720AB /* WeatherTabSelectionsView.swift in Sources */,
				83E04FA42A22DF1B009720AB /* WeatherApp.swift in Sources */,
				8313DE862B61A20D0031C5E7 /* PressureTileView.swift in Sources */,
				83DA72E62A41655400C50C86 /* SavedLocationsPersistence.swift in Sources */,
				83B760932A67119C007075E2 /* LabelView.swift in Sources */,
				834811602A58EAFB008EB616 /* WebView.swift in Sources */,
				8313DE822B6146570031C5E7 /* UVIndexTileView.swift in Sources */,
				838FAE152B5FE49C00AAC0C1 /* SunDataTile.swift in Sources */,
				83E04FB62A2472C3009720AB /* MultiDayScreen.swift in Sources */,
				837D7DB82B7154270031B296 /* WeatherParticleEffectView.swift in Sources */,
				8313DE942B63DB890031C5E7 /* TabViews.swift in Sources */,
				8313DE7E2B6129FB0031C5E7 /* HumidityTileView.swift in Sources */,
				83FD51F52B86F03E008F875B /* UnitTemperatureTransformer.swift in Sources */,
				837D7DA92B6BF6AF0031B296 /* TileImageProgressView.swift in Sources */,
			);
			runOnlyForDeploymentPostprocessing = 0;
		};
/* End PBXSourcesBuildPhase section */

/* Begin XCBuildConfiguration section */
		83E04FAC2A22DF1E009720AB /* Debug */ = {
			isa = XCBuildConfiguration;
			buildSettings = {
				ALWAYS_SEARCH_USER_PATHS = NO;
				CLANG_ANALYZER_NONNULL = YES;
				CLANG_ANALYZER_NUMBER_OBJECT_CONVERSION = YES_AGGRESSIVE;
				CLANG_CXX_LANGUAGE_STANDARD = "gnu++20";
				CLANG_ENABLE_MODULES = YES;
				CLANG_ENABLE_OBJC_ARC = YES;
				CLANG_ENABLE_OBJC_WEAK = YES;
				CLANG_WARN_BLOCK_CAPTURE_AUTORELEASING = YES;
				CLANG_WARN_BOOL_CONVERSION = YES;
				CLANG_WARN_COMMA = YES;
				CLANG_WARN_CONSTANT_CONVERSION = YES;
				CLANG_WARN_DEPRECATED_OBJC_IMPLEMENTATIONS = YES;
				CLANG_WARN_DIRECT_OBJC_ISA_USAGE = YES_ERROR;
				CLANG_WARN_DOCUMENTATION_COMMENTS = YES;
				CLANG_WARN_EMPTY_BODY = YES;
				CLANG_WARN_ENUM_CONVERSION = YES;
				CLANG_WARN_INFINITE_RECURSION = YES;
				CLANG_WARN_INT_CONVERSION = YES;
				CLANG_WARN_NON_LITERAL_NULL_CONVERSION = YES;
				CLANG_WARN_OBJC_IMPLICIT_RETAIN_SELF = YES;
				CLANG_WARN_OBJC_LITERAL_CONVERSION = YES;
				CLANG_WARN_OBJC_ROOT_CLASS = YES_ERROR;
				CLANG_WARN_QUOTED_INCLUDE_IN_FRAMEWORK_HEADER = YES;
				CLANG_WARN_RANGE_LOOP_ANALYSIS = YES;
				CLANG_WARN_STRICT_PROTOTYPES = YES;
				CLANG_WARN_SUSPICIOUS_MOVE = YES;
				CLANG_WARN_UNGUARDED_AVAILABILITY = YES_AGGRESSIVE;
				CLANG_WARN_UNREACHABLE_CODE = YES;
				CLANG_WARN__DUPLICATE_METHOD_MATCH = YES;
				COPY_PHASE_STRIP = NO;
				DEBUG_INFORMATION_FORMAT = dwarf;
				ENABLE_STRICT_OBJC_MSGSEND = YES;
				ENABLE_TESTABILITY = YES;
				ENABLE_USER_SCRIPT_SANDBOXING = NO;
				GCC_C_LANGUAGE_STANDARD = gnu11;
				GCC_DYNAMIC_NO_PIC = NO;
				GCC_NO_COMMON_BLOCKS = YES;
				GCC_OPTIMIZATION_LEVEL = 0;
				GCC_PREPROCESSOR_DEFINITIONS = (
					"DEBUG=1",
					"$(inherited)",
				);
				GCC_WARN_64_TO_32_BIT_CONVERSION = YES;
				GCC_WARN_ABOUT_RETURN_TYPE = YES_ERROR;
				GCC_WARN_UNDECLARED_SELECTOR = YES;
				GCC_WARN_UNINITIALIZED_AUTOS = YES_AGGRESSIVE;
				GCC_WARN_UNUSED_FUNCTION = YES;
				GCC_WARN_UNUSED_VARIABLE = YES;
				IPHONEOS_DEPLOYMENT_TARGET = 16.0;
				MTL_ENABLE_DEBUG_INFO = INCLUDE_SOURCE;
				MTL_FAST_MATH = YES;
				ONLY_ACTIVE_ARCH = YES;
				SDKROOT = iphoneos;
				SWIFT_ACTIVE_COMPILATION_CONDITIONS = DEBUG;
				SWIFT_OPTIMIZATION_LEVEL = "-Onone";
			};
			name = Debug;
		};
		83E04FAD2A22DF1E009720AB /* Release */ = {
			isa = XCBuildConfiguration;
			buildSettings = {
				ALWAYS_SEARCH_USER_PATHS = NO;
				CLANG_ANALYZER_NONNULL = YES;
				CLANG_ANALYZER_NUMBER_OBJECT_CONVERSION = YES_AGGRESSIVE;
				CLANG_CXX_LANGUAGE_STANDARD = "gnu++20";
				CLANG_ENABLE_MODULES = YES;
				CLANG_ENABLE_OBJC_ARC = YES;
				CLANG_ENABLE_OBJC_WEAK = YES;
				CLANG_WARN_BLOCK_CAPTURE_AUTORELEASING = YES;
				CLANG_WARN_BOOL_CONVERSION = YES;
				CLANG_WARN_COMMA = YES;
				CLANG_WARN_CONSTANT_CONVERSION = YES;
				CLANG_WARN_DEPRECATED_OBJC_IMPLEMENTATIONS = YES;
				CLANG_WARN_DIRECT_OBJC_ISA_USAGE = YES_ERROR;
				CLANG_WARN_DOCUMENTATION_COMMENTS = YES;
				CLANG_WARN_EMPTY_BODY = YES;
				CLANG_WARN_ENUM_CONVERSION = YES;
				CLANG_WARN_INFINITE_RECURSION = YES;
				CLANG_WARN_INT_CONVERSION = YES;
				CLANG_WARN_NON_LITERAL_NULL_CONVERSION = YES;
				CLANG_WARN_OBJC_IMPLICIT_RETAIN_SELF = YES;
				CLANG_WARN_OBJC_LITERAL_CONVERSION = YES;
				CLANG_WARN_OBJC_ROOT_CLASS = YES_ERROR;
				CLANG_WARN_QUOTED_INCLUDE_IN_FRAMEWORK_HEADER = YES;
				CLANG_WARN_RANGE_LOOP_ANALYSIS = YES;
				CLANG_WARN_STRICT_PROTOTYPES = YES;
				CLANG_WARN_SUSPICIOUS_MOVE = YES;
				CLANG_WARN_UNGUARDED_AVAILABILITY = YES_AGGRESSIVE;
				CLANG_WARN_UNREACHABLE_CODE = YES;
				CLANG_WARN__DUPLICATE_METHOD_MATCH = YES;
				COPY_PHASE_STRIP = NO;
				DEBUG_INFORMATION_FORMAT = "dwarf-with-dsym";
				ENABLE_NS_ASSERTIONS = NO;
				ENABLE_STRICT_OBJC_MSGSEND = YES;
				ENABLE_USER_SCRIPT_SANDBOXING = NO;
				GCC_C_LANGUAGE_STANDARD = gnu11;
				GCC_NO_COMMON_BLOCKS = YES;
				GCC_WARN_64_TO_32_BIT_CONVERSION = YES;
				GCC_WARN_ABOUT_RETURN_TYPE = YES_ERROR;
				GCC_WARN_UNDECLARED_SELECTOR = YES;
				GCC_WARN_UNINITIALIZED_AUTOS = YES_AGGRESSIVE;
				GCC_WARN_UNUSED_FUNCTION = YES;
				GCC_WARN_UNUSED_VARIABLE = YES;
				IPHONEOS_DEPLOYMENT_TARGET = 16.0;
				MTL_ENABLE_DEBUG_INFO = NO;
				MTL_FAST_MATH = YES;
				SDKROOT = iphoneos;
				SWIFT_COMPILATION_MODE = wholemodule;
				SWIFT_OPTIMIZATION_LEVEL = "-O";
				VALIDATE_PRODUCT = YES;
			};
			name = Release;
		};
		83E04FAF2A22DF1E009720AB /* Debug */ = {
			isa = XCBuildConfiguration;
			baseConfigurationReference = A005004E4DBD0E8B6774DFA2 /* Pods-Tenki Weather.debug.xcconfig */;
			buildSettings = {
				ASSETCATALOG_COMPILER_APPICON_NAME = AppIcon;
				ASSETCATALOG_COMPILER_GLOBAL_ACCENT_COLOR_NAME = AccentColor;
				CODE_SIGN_ENTITLEMENTS = "Tenki Weather.entitlements";
				CODE_SIGN_IDENTITY = "Apple Development";
				CODE_SIGN_STYLE = Automatic;
				CURRENT_PROJECT_VERSION = 1;
				DEVELOPMENT_ASSET_PATHS = "\"Weather/Preview Content\"";
				DEVELOPMENT_TEAM = QNXV57SQKM;
				ENABLE_PREVIEWS = YES;
				GENERATE_INFOPLIST_FILE = YES;
				INFOPLIST_FILE = Weather/Info.plist;
				INFOPLIST_KEY_CFBundleDisplayName = "Tenki Weather";
				INFOPLIST_KEY_LSApplicationCategoryType = "public.app-category.weather";
				INFOPLIST_KEY_NSLocationWhenInUseUsageDescription = "We need your location to provide accurate weather data.";
				INFOPLIST_KEY_UIApplicationSceneManifest_Generation = YES;
				INFOPLIST_KEY_UIApplicationSupportsIndirectInputEvents = YES;
				INFOPLIST_KEY_UILaunchScreen_Generation = YES;
				INFOPLIST_KEY_UILaunchStoryboardName = "Launch Screen.storyboard";
				INFOPLIST_KEY_UIRequiresFullScreen = YES;
				INFOPLIST_KEY_UISupportedInterfaceOrientations = UIInterfaceOrientationPortrait;
				INFOPLIST_KEY_UISupportedInterfaceOrientations_iPad = "UIInterfaceOrientationPortrait UIInterfaceOrientationPortraitUpsideDown";
				IPHONEOS_DEPLOYMENT_TARGET = 16.0;
				LD_RUNPATH_SEARCH_PATHS = (
					"$(inherited)",
					"@executable_path/Frameworks",
				);
				MARKETING_VERSION = 4.0.2;
				PRODUCT_BUNDLE_IDENTIFIER = com.sannideveloper.tenkiweather;
				PRODUCT_NAME = "Tenki Weather";
				PROVISIONING_PROFILE_SPECIFIER = "";
				SUPPORTED_PLATFORMS = "iphoneos iphonesimulator";
				SUPPORTS_MACCATALYST = NO;
				SUPPORTS_MAC_DESIGNED_FOR_IPHONE_IPAD = NO;
				SUPPORTS_XR_DESIGNED_FOR_IPHONE_IPAD = NO;
				SWIFT_EMIT_LOC_STRINGS = YES;
				SWIFT_VERSION = 5.0;
				TARGETED_DEVICE_FAMILY = "1,2";
			};
			name = Debug;
		};
		83E04FB02A22DF1E009720AB /* Release */ = {
			isa = XCBuildConfiguration;
			baseConfigurationReference = 451B1D756BE94706A02B180F /* Pods-Tenki Weather.release.xcconfig */;
			buildSettings = {
				ASSETCATALOG_COMPILER_APPICON_NAME = AppIcon;
				ASSETCATALOG_COMPILER_GLOBAL_ACCENT_COLOR_NAME = AccentColor;
				CODE_SIGN_ENTITLEMENTS = "Tenki Weather.entitlements";
				CODE_SIGN_IDENTITY = "Apple Development";
				CODE_SIGN_STYLE = Automatic;
				CURRENT_PROJECT_VERSION = 1;
				DEVELOPMENT_ASSET_PATHS = "\"Weather/Preview Content\"";
				DEVELOPMENT_TEAM = QNXV57SQKM;
				ENABLE_PREVIEWS = YES;
				GENERATE_INFOPLIST_FILE = YES;
				INFOPLIST_FILE = Weather/Info.plist;
				INFOPLIST_KEY_CFBundleDisplayName = "Tenki Weather";
				INFOPLIST_KEY_LSApplicationCategoryType = "public.app-category.weather";
				INFOPLIST_KEY_NSLocationWhenInUseUsageDescription = "We need your location to provide accurate weather data.";
				INFOPLIST_KEY_UIApplicationSceneManifest_Generation = YES;
				INFOPLIST_KEY_UIApplicationSupportsIndirectInputEvents = YES;
				INFOPLIST_KEY_UILaunchScreen_Generation = YES;
				INFOPLIST_KEY_UILaunchStoryboardName = "Launch Screen.storyboard";
				INFOPLIST_KEY_UIRequiresFullScreen = YES;
				INFOPLIST_KEY_UISupportedInterfaceOrientations = UIInterfaceOrientationPortrait;
				INFOPLIST_KEY_UISupportedInterfaceOrientations_iPad = "UIInterfaceOrientationPortrait UIInterfaceOrientationPortraitUpsideDown";
				IPHONEOS_DEPLOYMENT_TARGET = 16.0;
				LD_RUNPATH_SEARCH_PATHS = (
					"$(inherited)",
					"@executable_path/Frameworks",
				);
				MARKETING_VERSION = 4.0.2;
				PRODUCT_BUNDLE_IDENTIFIER = com.sannideveloper.tenkiweather;
				PRODUCT_NAME = "Tenki Weather";
				PROVISIONING_PROFILE_SPECIFIER = "";
				SUPPORTED_PLATFORMS = "iphoneos iphonesimulator";
				SUPPORTS_MACCATALYST = NO;
				SUPPORTS_MAC_DESIGNED_FOR_IPHONE_IPAD = NO;
				SUPPORTS_XR_DESIGNED_FOR_IPHONE_IPAD = NO;
				SWIFT_EMIT_LOC_STRINGS = YES;
				SWIFT_VERSION = 5.0;
				TARGETED_DEVICE_FAMILY = "1,2";
			};
			name = Release;
		};
/* End XCBuildConfiguration section */

/* Begin XCConfigurationList section */
		83E04F9B2A22DF1B009720AB /* Build configuration list for PBXProject "Weather" */ = {
			isa = XCConfigurationList;
			buildConfigurations = (
				83E04FAC2A22DF1E009720AB /* Debug */,
				83E04FAD2A22DF1E009720AB /* Release */,
			);
			defaultConfigurationIsVisible = 0;
			defaultConfigurationName = Release;
		};
		83E04FAE2A22DF1E009720AB /* Build configuration list for PBXNativeTarget "Tenki Weather" */ = {
			isa = XCConfigurationList;
			buildConfigurations = (
				83E04FAF2A22DF1E009720AB /* Debug */,
				83E04FB02A22DF1E009720AB /* Release */,
			);
			defaultConfigurationIsVisible = 0;
			defaultConfigurationName = Release;
		};
/* End XCConfigurationList section */

/* Begin XCRemoteSwiftPackageReference section */
		835EB2F12A5509CC00346B21 /* XCRemoteSwiftPackageReference "swiftui-mail-view" */ = {
			isa = XCRemoteSwiftPackageReference;
			repositoryURL = "https://github.com/globulus/swiftui-mail-view.git";
			requirement = {
				kind = upToNextMajorVersion;
				minimumVersion = 1.0.0;
			};
		};
/* End XCRemoteSwiftPackageReference section */

/* Begin XCSwiftPackageProductDependency section */
		835EB2F22A5509CC00346B21 /* SwiftUIMailView */ = {
			isa = XCSwiftPackageProductDependency;
			package = 835EB2F12A5509CC00346B21 /* XCRemoteSwiftPackageReference "swiftui-mail-view" */;
			productName = SwiftUIMailView;
		};
/* End XCSwiftPackageProductDependency section */

/* Begin XCVersionGroup section */
		83DA72E22A41414200C50C86 /* SavedLocations.xcdatamodeld */ = {
			isa = XCVersionGroup;
			children = (
				83DA72E32A41414200C50C86 /* SavedLocations.xcdatamodel */,
			);
			currentVersion = 83DA72E32A41414200C50C86 /* SavedLocations.xcdatamodel */;
			path = SavedLocations.xcdatamodeld;
			sourceTree = "<group>";
			versionGroupType = wrapper.xcdatamodel;
		};
/* End XCVersionGroup section */
	};
	rootObject = 83E04F982A22DF1B009720AB /* Project object */;
}
