{
  "originHash" : "b12694e72284187ded0e440130422ac2f288af88cd87556ea7fd71efd9ad95bd",
  "pins" : [
    {
      "identity" : "ios-places-sdk",
      "kind" : "remoteSourceControl",
      "location" : "https://github.com/googlemaps/ios-places-sdk",
      "state" : {
        "revision" : "1737dc600c80eaeaf9b0cf0d25522b8ead713d60",
        "version" : "9.2.0"
      }
    },
    {
      "identity" : "swiftui-mail-view",
      "kind" : "remoteSourceControl",
      "location" : "https://github.com/globulus/swiftui-mail-view",
      "state" : {
        "revision" : "dad1d289cb904d477f2fbabcca5ba82bfcfb2ea6",
        "version" : "1.0.1"
      }
    }
  ],
  "version" : 3
}
